
Microsoft Visual Studio Solution File, Format Version 12.00
# Visual Studio Version 16
VisualStudioVersion = 16.0.29411.108
MinimumVisualStudioVersion = 15.0.26124.0
Project("{2150E333-8FDC-42A3-9474-1A3956D46DE8}") = "common", "common", "{368A52C5-8C52-49FD-AF0B-ECFC61A55CAC}"
EndProject
Project("{9A19103F-16F7-4668-BE54-9A1E7A4F7556}") = "Services", "src/services/common/Services/Services.csproj", "{22C69357-542E-4A43-B031-4D8867BA3E42}"
EndProject
Project("{9A19103F-16F7-4668-BE54-9A1E7A4F7556}") = "Services.Test", "test/services/common/Services.Test/Services.Test.csproj", "{0A47EDE3-1AB7-4D7A-8D41-B3EDF69AE170}"
EndProject
Project("{9A19103F-16F7-4668-BE54-9A1E7A4F7556}") = "TestHelpers", "test/services/common/TestHelpers/TestHelpers.csproj", "{716C1217-55CA-47FF-9F51-C8AE0D3A9D4A}"
EndProject
Project("{2150E333-8FDC-42A3-9474-1A3956D46DE8}") = "asa-manager", "asa-manager", "{2C6BD869-D7C8-4B4A-BAB6-5CF026B3844E}"
EndProject
Project("{9A19103F-16F7-4668-BE54-9A1E7A4F7556}") = "Services", "src/services/asa-manager/Services/Services.csproj", "{ED49822D-2376-4AEE-AA83-A13EA90AA2D1}"
EndProject
Project("{9A19103F-16F7-4668-BE54-9A1E7A4F7556}") = "WebService", "src/services/asa-manager/WebService/WebService.csproj", "{6128A222-D7FC-4A69-8378-2C27358A1135}"
EndProject
Project("{9A19103F-16F7-4668-BE54-9A1E7A4F7556}") = "Services.Test", "test/services/asa-manager/Services.Test/Services.Test.csproj", "{BE4D193E-E146-4CE9-8C1F-721940D8F70A}"
EndProject
Project("{2150E333-8FDC-42A3-9474-1A3956D46DE8}") = "config", "config", "{C3ACFC91-515E-4229-9CF5-1D12FBF14CF3}"
EndProject
Project("{9A19103F-16F7-4668-BE54-9A1E7A4F7556}") = "Services", "src/services/config/Services/Services.csproj", "{FA95E536-75D1-4346-963E-920DDA0B5146}"
EndProject
Project("{9A19103F-16F7-4668-BE54-9A1E7A4F7556}") = "Services.Test", "test/services/config/Services.Test/Services.Test.csproj", "{63BE407B-6A77-4453-A476-8976AF0532C6}"
EndProject
Project("{9A19103F-16F7-4668-BE54-9A1E7A4F7556}") = "WebService", "src/services/config/WebService/WebService.csproj", "{41C69096-04E9-45F4-AFCF-C9359C11DA93}"
EndProject
Project("{9A19103F-16F7-4668-BE54-9A1E7A4F7556}") = "WebService.Test", "test/services/config/WebService.Test/WebService.Test.csproj", "{8630CEE5-CAA9-42A2-BBEE-22937D5C1AD0}"
EndProject
Project("{2150E333-8FDC-42A3-9474-1A3956D46DE8}") = "device-telemetry", "device-telemetry", "{1E149DA3-0A5A-41A3-809B-EC9546336F8F}"
EndProject
Project("{9A19103F-16F7-4668-BE54-9A1E7A4F7556}") = "Services", "src/services/device-telemetry/Services/Services.csproj", "{4CB77D8E-DD70-481F-B7C5-639A66809AC9}"
EndProject
Project("{9A19103F-16F7-4668-BE54-9A1E7A4F7556}") = "Services.Test", "test/services/device-telemetry/Services.Test/Services.Test.csproj", "{32CA1D58-7BE4-4215-9FBD-6B8A1F758803}"
EndProject
Project("{9A19103F-16F7-4668-BE54-9A1E7A4F7556}") = "WebService", "src/services/device-telemetry/WebService/WebService.csproj", "{8D2C0A15-732A-4D30-8171-EAB91E005F48}"
EndProject
Project("{9A19103F-16F7-4668-BE54-9A1E7A4F7556}") = "WebService.Test", "test/services/device-telemetry/WebService.Test/WebService.Test.csproj", "{AD868687-C27D-41E4-BA37-464E1513008C}"
EndProject
Project("{2150E333-8FDC-42A3-9474-1A3956D46DE8}") = "iothub-manager", "iothub-manager", "{3D5ADBC7-89F4-4C08-8CC0-809D87FA152A}"
EndProject
Project("{9A19103F-16F7-4668-BE54-9A1E7A4F7556}") = "Services", "src/services/iothub-manager/Services/Services.csproj", "{F47A3C18-D996-41C0-988D-901B782F0892}"
EndProject
Project("{9A19103F-16F7-4668-BE54-9A1E7A4F7556}") = "Services.Test", "test/services/iothub-manager/Services.Test/Services.Test.csproj", "{7A4E8BA7-9F67-4055-8D6B-34A4FB824F56}"
EndProject
Project("{9A19103F-16F7-4668-BE54-9A1E7A4F7556}") = "WebService", "src/services/iothub-manager/WebService/WebService.csproj", "{F4F0397E-71BC-4A00-91EA-619872B992B1}"
EndProject
Project("{9A19103F-16F7-4668-BE54-9A1E7A4F7556}") = "WebService.Test", "test/services/iothub-manager/WebService.Test/WebService.Test.csproj", "{D11EBE09-C8F3-4168-97CD-8D64E764A780}"
EndProject
Project("{2150E333-8FDC-42A3-9474-1A3956D46DE8}") = "identity-gateway", "identity-gateway", "{8BB47880-8BA1-486E-8709-42B59E9CC5B0}"
EndProject
Project("{9A19103F-16F7-4668-BE54-9A1E7A4F7556}") = "WebService", "src/services/identity-gateway/WebService/WebService.csproj", "{F71C4D0E-EC39-4CE7-930B-F11EADD5AD2B}"
EndProject
Project("{9A19103F-16F7-4668-BE54-9A1E7A4F7556}") = "Services", "src/services/identity-gateway/Services/Services.csproj", "{DBB3BDED-99E6-4E8C-8F0F-3596F72C648D}"
EndProject
Project("{9A19103F-16F7-4668-BE54-9A1E7A4F7556}") = "Services.Test", "test/services/identity-gateway/Services.Test/Services.Test.csproj", "{34F5D583-7F17-4D4E-BB8B-EEA0489669DB}"
EndProject
Project("{9A19103F-16F7-4668-BE54-9A1E7A4F7556}") = "WebService.Test", "test/services/identity-gateway/WebService.Test/WebService.Test.csproj", "{AE2E32B2-17AD-4B38-9A56-71EBFD4D8C1D}"
EndProject
Project("{2150E333-8FDC-42A3-9474-1A3956D46DE8}") = "storage-adapter", "storage-adapter", "{AAF4FB3E-29B8-4A42-89AD-CA7687FC0A79}"
EndProject
Project("{9A19103F-16F7-4668-BE54-9A1E7A4F7556}") = "Services", "src/services/storage-adapter/Services/Services.csproj", "{2BA6AC78-7778-493D-8A71-30ED71401C7C}"
EndProject
Project("{9A19103F-16F7-4668-BE54-9A1E7A4F7556}") = "Services.Test", "test/services/storage-adapter/Services.Test/Services.Test.csproj", "{C82069A2-B682-46B4-88D8-541E3D28A503}"
EndProject
Project("{9A19103F-16F7-4668-BE54-9A1E7A4F7556}") = "WebService", "src/services/storage-adapter/WebService/WebService.csproj", "{6186F128-CAED-477E-A5A3-E3D7B50F19FE}"
EndProject
Project("{9A19103F-16F7-4668-BE54-9A1E7A4F7556}") = "WebService.Test", "test/services/storage-adapter/WebService.Test/WebService.Test.csproj", "{225A9E49-1F60-403A-9405-C6E578097126}"
EndProject
Project("{2150E333-8FDC-42A3-9474-1A3956D46DE8}") = "tenant-manager", "tenant-manager", "{5189373E-EC70-416D-BE18-C9B19C2A5250}"
EndProject
Project("{9A19103F-16F7-4668-BE54-9A1E7A4F7556}") = "WebService", "src/services/tenant-manager/WebService/WebService.csproj", "{53D708EB-2DDD-485B-B90B-8A16874DB5DE}"
EndProject
Project("{9A19103F-16F7-4668-BE54-9A1E7A4F7556}") = "Services", "src/services/tenant-manager/Services/Services.csproj", "{0662B27C-D894-4EF5-9ABD-447D8FB21A2D}"
EndProject
Project("{9A19103F-16F7-4668-BE54-9A1E7A4F7556}") = "Services.Test", "test/services/tenant-manager/Services.Test/Services.Test.csproj", "{7D36615D-D3CB-455D-BDBA-853D3E87E9F3}"
EndProject
Project("{9A19103F-16F7-4668-BE54-9A1E7A4F7556}") = "WebService.Test", "test/services/tenant-manager/WebService.Test/WebService.Test.csproj", "{32A11DD1-48DD-4905-AB14-D2101912E61E}"
EndProject
Project("{2150E333-8FDC-42A3-9474-1A3956D46DE8}") = "diagnostics", "diagnostics", "{FB25CB90-3FFE-4321-A454-86EF4E361545}"
EndProject
Project("{9A19103F-16F7-4668-BE54-9A1E7A4F7556}") = "Services", "src/services/diagnostics/Services/Services.csproj", "{3E58884D-4246-44FB-ADD4-0BCD9A1C2162}"
EndProject
Project("{9A19103F-16F7-4668-BE54-9A1E7A4F7556}") = "WebService", "src/services/diagnostics/WebService/WebService.csproj", "{A11FC68C-7672-4705-B486-B5CB651230A8}"
EndProject
Project("{9A19103F-16F7-4668-BE54-9A1E7A4F7556}") = "Services.Test", "test/services/diagnostics/Services.Test/Services.Test.csproj", "{056C79C3-7B4A-43D0-9BF8-BB1F7BDE4718}"
EndProject
Project("{9A19103F-16F7-4668-BE54-9A1E7A4F7556}") = "WebService.Test", "test/services/diagnostics/WebService.Test/WebService.Test.csproj", "{220F5203-12FF-47D8-8DEE-04622EEC84C1}"
EndProject
Project("{9A19103F-16F7-4668-BE54-9A1E7A4F7556}") = "WebService.Test", "test/services/asa-manager/WebService.Test/WebService.Test.csproj", "{14013D6D-E0B4-4F6F-AF82-E3190D1CD422}"
EndProject
Global
	GlobalSection(SolutionConfigurationPlatforms) = preSolution
		Debug|Any CPU = Debug|Any CPU
		Debug|x64 = Debug|x64
		Debug|x86 = Debug|x86
		Release|Any CPU = Release|Any CPU
		Release|x64 = Release|x64
		Release|x86 = Release|x86
	EndGlobalSection
	GlobalSection(ProjectConfigurationPlatforms) = postSolution
		{22C69357-542E-4A43-B031-4D8867BA3E42}.Debug|Any CPU.ActiveCfg = Debug|Any CPU
		{22C69357-542E-4A43-B031-4D8867BA3E42}.Debug|Any CPU.Build.0 = Debug|Any CPU
		{22C69357-542E-4A43-B031-4D8867BA3E42}.Debug|x64.ActiveCfg = Debug|Any CPU
		{22C69357-542E-4A43-B031-4D8867BA3E42}.Debug|x64.Build.0 = Debug|Any CPU
		{22C69357-542E-4A43-B031-4D8867BA3E42}.Debug|x86.ActiveCfg = Debug|Any CPU
		{22C69357-542E-4A43-B031-4D8867BA3E42}.Debug|x86.Build.0 = Debug|Any CPU
		{22C69357-542E-4A43-B031-4D8867BA3E42}.Release|Any CPU.ActiveCfg = Release|Any CPU
		{22C69357-542E-4A43-B031-4D8867BA3E42}.Release|Any CPU.Build.0 = Release|Any CPU
		{22C69357-542E-4A43-B031-4D8867BA3E42}.Release|x64.ActiveCfg = Release|Any CPU
		{22C69357-542E-4A43-B031-4D8867BA3E42}.Release|x64.Build.0 = Release|Any CPU
		{22C69357-542E-4A43-B031-4D8867BA3E42}.Release|x86.ActiveCfg = Release|Any CPU
		{22C69357-542E-4A43-B031-4D8867BA3E42}.Release|x86.Build.0 = Release|Any CPU
		{0A47EDE3-1AB7-4D7A-8D41-B3EDF69AE170}.Debug|Any CPU.ActiveCfg = Debug|Any CPU
		{0A47EDE3-1AB7-4D7A-8D41-B3EDF69AE170}.Debug|Any CPU.Build.0 = Debug|Any CPU
		{0A47EDE3-1AB7-4D7A-8D41-B3EDF69AE170}.Debug|x64.ActiveCfg = Debug|Any CPU
		{0A47EDE3-1AB7-4D7A-8D41-B3EDF69AE170}.Debug|x64.Build.0 = Debug|Any CPU
		{0A47EDE3-1AB7-4D7A-8D41-B3EDF69AE170}.Debug|x86.ActiveCfg = Debug|Any CPU
		{0A47EDE3-1AB7-4D7A-8D41-B3EDF69AE170}.Debug|x86.Build.0 = Debug|Any CPU
		{0A47EDE3-1AB7-4D7A-8D41-B3EDF69AE170}.Release|Any CPU.ActiveCfg = Release|Any CPU
		{0A47EDE3-1AB7-4D7A-8D41-B3EDF69AE170}.Release|Any CPU.Build.0 = Release|Any CPU
		{0A47EDE3-1AB7-4D7A-8D41-B3EDF69AE170}.Release|x64.ActiveCfg = Release|Any CPU
		{0A47EDE3-1AB7-4D7A-8D41-B3EDF69AE170}.Release|x64.Build.0 = Release|Any CPU
		{0A47EDE3-1AB7-4D7A-8D41-B3EDF69AE170}.Release|x86.ActiveCfg = Release|Any CPU
		{0A47EDE3-1AB7-4D7A-8D41-B3EDF69AE170}.Release|x86.Build.0 = Release|Any CPU
		{716C1217-55CA-47FF-9F51-C8AE0D3A9D4A}.Debug|Any CPU.ActiveCfg = Debug|Any CPU
		{716C1217-55CA-47FF-9F51-C8AE0D3A9D4A}.Debug|Any CPU.Build.0 = Debug|Any CPU
		{716C1217-55CA-47FF-9F51-C8AE0D3A9D4A}.Debug|x64.ActiveCfg = Debug|Any CPU
		{716C1217-55CA-47FF-9F51-C8AE0D3A9D4A}.Debug|x64.Build.0 = Debug|Any CPU
		{716C1217-55CA-47FF-9F51-C8AE0D3A9D4A}.Debug|x86.ActiveCfg = Debug|Any CPU
		{716C1217-55CA-47FF-9F51-C8AE0D3A9D4A}.Debug|x86.Build.0 = Debug|Any CPU
		{716C1217-55CA-47FF-9F51-C8AE0D3A9D4A}.Release|Any CPU.ActiveCfg = Release|Any CPU
		{716C1217-55CA-47FF-9F51-C8AE0D3A9D4A}.Release|Any CPU.Build.0 = Release|Any CPU
		{716C1217-55CA-47FF-9F51-C8AE0D3A9D4A}.Release|x64.ActiveCfg = Release|Any CPU
		{716C1217-55CA-47FF-9F51-C8AE0D3A9D4A}.Release|x64.Build.0 = Release|Any CPU
		{716C1217-55CA-47FF-9F51-C8AE0D3A9D4A}.Release|x86.ActiveCfg = Release|Any CPU
		{716C1217-55CA-47FF-9F51-C8AE0D3A9D4A}.Release|x86.Build.0 = Release|Any CPU
		{ED49822D-2376-4AEE-AA83-A13EA90AA2D1}.Debug|Any CPU.ActiveCfg = Debug|Any CPU
		{ED49822D-2376-4AEE-AA83-A13EA90AA2D1}.Debug|Any CPU.Build.0 = Debug|Any CPU
		{ED49822D-2376-4AEE-AA83-A13EA90AA2D1}.Debug|x64.ActiveCfg = Debug|Any CPU
		{ED49822D-2376-4AEE-AA83-A13EA90AA2D1}.Debug|x64.Build.0 = Debug|Any CPU
		{ED49822D-2376-4AEE-AA83-A13EA90AA2D1}.Debug|x86.ActiveCfg = Debug|Any CPU
		{ED49822D-2376-4AEE-AA83-A13EA90AA2D1}.Debug|x86.Build.0 = Debug|Any CPU
		{ED49822D-2376-4AEE-AA83-A13EA90AA2D1}.Release|Any CPU.ActiveCfg = Release|Any CPU
		{ED49822D-2376-4AEE-AA83-A13EA90AA2D1}.Release|Any CPU.Build.0 = Release|Any CPU
		{ED49822D-2376-4AEE-AA83-A13EA90AA2D1}.Release|x64.ActiveCfg = Release|Any CPU
		{ED49822D-2376-4AEE-AA83-A13EA90AA2D1}.Release|x64.Build.0 = Release|Any CPU
		{ED49822D-2376-4AEE-AA83-A13EA90AA2D1}.Release|x86.ActiveCfg = Release|Any CPU
		{ED49822D-2376-4AEE-AA83-A13EA90AA2D1}.Release|x86.Build.0 = Release|Any CPU
		{6128A222-D7FC-4A69-8378-2C27358A1135}.Debug|Any CPU.ActiveCfg = Debug|Any CPU
		{6128A222-D7FC-4A69-8378-2C27358A1135}.Debug|Any CPU.Build.0 = Debug|Any CPU
		{6128A222-D7FC-4A69-8378-2C27358A1135}.Debug|x64.ActiveCfg = Debug|Any CPU
		{6128A222-D7FC-4A69-8378-2C27358A1135}.Debug|x64.Build.0 = Debug|Any CPU
		{6128A222-D7FC-4A69-8378-2C27358A1135}.Debug|x86.ActiveCfg = Debug|Any CPU
		{6128A222-D7FC-4A69-8378-2C27358A1135}.Debug|x86.Build.0 = Debug|Any CPU
		{6128A222-D7FC-4A69-8378-2C27358A1135}.Release|Any CPU.ActiveCfg = Release|Any CPU
		{6128A222-D7FC-4A69-8378-2C27358A1135}.Release|Any CPU.Build.0 = Release|Any CPU
		{6128A222-D7FC-4A69-8378-2C27358A1135}.Release|x64.ActiveCfg = Release|Any CPU
		{6128A222-D7FC-4A69-8378-2C27358A1135}.Release|x64.Build.0 = Release|Any CPU
		{6128A222-D7FC-4A69-8378-2C27358A1135}.Release|x86.ActiveCfg = Release|Any CPU
		{6128A222-D7FC-4A69-8378-2C27358A1135}.Release|x86.Build.0 = Release|Any CPU
		{BE4D193E-E146-4CE9-8C1F-721940D8F70A}.Debug|Any CPU.ActiveCfg = Debug|Any CPU
		{BE4D193E-E146-4CE9-8C1F-721940D8F70A}.Debug|Any CPU.Build.0 = Debug|Any CPU
		{BE4D193E-E146-4CE9-8C1F-721940D8F70A}.Debug|x64.ActiveCfg = Debug|Any CPU
		{BE4D193E-E146-4CE9-8C1F-721940D8F70A}.Debug|x64.Build.0 = Debug|Any CPU
		{BE4D193E-E146-4CE9-8C1F-721940D8F70A}.Debug|x86.ActiveCfg = Debug|Any CPU
		{BE4D193E-E146-4CE9-8C1F-721940D8F70A}.Debug|x86.Build.0 = Debug|Any CPU
		{BE4D193E-E146-4CE9-8C1F-721940D8F70A}.Release|Any CPU.ActiveCfg = Release|Any CPU
		{BE4D193E-E146-4CE9-8C1F-721940D8F70A}.Release|Any CPU.Build.0 = Release|Any CPU
		{BE4D193E-E146-4CE9-8C1F-721940D8F70A}.Release|x64.ActiveCfg = Release|Any CPU
		{BE4D193E-E146-4CE9-8C1F-721940D8F70A}.Release|x64.Build.0 = Release|Any CPU
		{BE4D193E-E146-4CE9-8C1F-721940D8F70A}.Release|x86.ActiveCfg = Release|Any CPU
		{BE4D193E-E146-4CE9-8C1F-721940D8F70A}.Release|x86.Build.0 = Release|Any CPU
		{FA95E536-75D1-4346-963E-920DDA0B5146}.Debug|Any CPU.ActiveCfg = Debug|Any CPU
		{FA95E536-75D1-4346-963E-920DDA0B5146}.Debug|Any CPU.Build.0 = Debug|Any CPU
		{FA95E536-75D1-4346-963E-920DDA0B5146}.Debug|x64.ActiveCfg = Debug|Any CPU
		{FA95E536-75D1-4346-963E-920DDA0B5146}.Debug|x64.Build.0 = Debug|Any CPU
		{FA95E536-75D1-4346-963E-920DDA0B5146}.Debug|x86.ActiveCfg = Debug|Any CPU
		{FA95E536-75D1-4346-963E-920DDA0B5146}.Debug|x86.Build.0 = Debug|Any CPU
		{FA95E536-75D1-4346-963E-920DDA0B5146}.Release|Any CPU.ActiveCfg = Release|Any CPU
		{FA95E536-75D1-4346-963E-920DDA0B5146}.Release|Any CPU.Build.0 = Release|Any CPU
		{FA95E536-75D1-4346-963E-920DDA0B5146}.Release|x64.ActiveCfg = Release|Any CPU
		{FA95E536-75D1-4346-963E-920DDA0B5146}.Release|x64.Build.0 = Release|Any CPU
		{FA95E536-75D1-4346-963E-920DDA0B5146}.Release|x86.ActiveCfg = Release|Any CPU
		{FA95E536-75D1-4346-963E-920DDA0B5146}.Release|x86.Build.0 = Release|Any CPU
		{63BE407B-6A77-4453-A476-8976AF0532C6}.Debug|Any CPU.ActiveCfg = Debug|Any CPU
		{63BE407B-6A77-4453-A476-8976AF0532C6}.Debug|Any CPU.Build.0 = Debug|Any CPU
		{63BE407B-6A77-4453-A476-8976AF0532C6}.Debug|x64.ActiveCfg = Debug|Any CPU
		{63BE407B-6A77-4453-A476-8976AF0532C6}.Debug|x64.Build.0 = Debug|Any CPU
		{63BE407B-6A77-4453-A476-8976AF0532C6}.Debug|x86.ActiveCfg = Debug|Any CPU
		{63BE407B-6A77-4453-A476-8976AF0532C6}.Debug|x86.Build.0 = Debug|Any CPU
		{63BE407B-6A77-4453-A476-8976AF0532C6}.Release|Any CPU.ActiveCfg = Release|Any CPU
		{63BE407B-6A77-4453-A476-8976AF0532C6}.Release|Any CPU.Build.0 = Release|Any CPU
		{63BE407B-6A77-4453-A476-8976AF0532C6}.Release|x64.ActiveCfg = Release|Any CPU
		{63BE407B-6A77-4453-A476-8976AF0532C6}.Release|x64.Build.0 = Release|Any CPU
		{63BE407B-6A77-4453-A476-8976AF0532C6}.Release|x86.ActiveCfg = Release|Any CPU
		{63BE407B-6A77-4453-A476-8976AF0532C6}.Release|x86.Build.0 = Release|Any CPU
		{41C69096-04E9-45F4-AFCF-C9359C11DA93}.Debug|Any CPU.ActiveCfg = Debug|Any CPU
		{41C69096-04E9-45F4-AFCF-C9359C11DA93}.Debug|Any CPU.Build.0 = Debug|Any CPU
		{41C69096-04E9-45F4-AFCF-C9359C11DA93}.Debug|x64.ActiveCfg = Debug|Any CPU
		{41C69096-04E9-45F4-AFCF-C9359C11DA93}.Debug|x64.Build.0 = Debug|Any CPU
		{41C69096-04E9-45F4-AFCF-C9359C11DA93}.Debug|x86.ActiveCfg = Debug|Any CPU
		{41C69096-04E9-45F4-AFCF-C9359C11DA93}.Debug|x86.Build.0 = Debug|Any CPU
		{41C69096-04E9-45F4-AFCF-C9359C11DA93}.Release|Any CPU.ActiveCfg = Release|Any CPU
		{41C69096-04E9-45F4-AFCF-C9359C11DA93}.Release|Any CPU.Build.0 = Release|Any CPU
		{41C69096-04E9-45F4-AFCF-C9359C11DA93}.Release|x64.ActiveCfg = Release|Any CPU
		{41C69096-04E9-45F4-AFCF-C9359C11DA93}.Release|x64.Build.0 = Release|Any CPU
		{41C69096-04E9-45F4-AFCF-C9359C11DA93}.Release|x86.ActiveCfg = Release|Any CPU
		{41C69096-04E9-45F4-AFCF-C9359C11DA93}.Release|x86.Build.0 = Release|Any CPU
		{8630CEE5-CAA9-42A2-BBEE-22937D5C1AD0}.Debug|Any CPU.ActiveCfg = Debug|Any CPU
		{8630CEE5-CAA9-42A2-BBEE-22937D5C1AD0}.Debug|Any CPU.Build.0 = Debug|Any CPU
		{8630CEE5-CAA9-42A2-BBEE-22937D5C1AD0}.Debug|x64.ActiveCfg = Debug|Any CPU
		{8630CEE5-CAA9-42A2-BBEE-22937D5C1AD0}.Debug|x64.Build.0 = Debug|Any CPU
		{8630CEE5-CAA9-42A2-BBEE-22937D5C1AD0}.Debug|x86.ActiveCfg = Debug|Any CPU
		{8630CEE5-CAA9-42A2-BBEE-22937D5C1AD0}.Debug|x86.Build.0 = Debug|Any CPU
		{8630CEE5-CAA9-42A2-BBEE-22937D5C1AD0}.Release|Any CPU.ActiveCfg = Release|Any CPU
		{8630CEE5-CAA9-42A2-BBEE-22937D5C1AD0}.Release|Any CPU.Build.0 = Release|Any CPU
		{8630CEE5-CAA9-42A2-BBEE-22937D5C1AD0}.Release|x64.ActiveCfg = Release|Any CPU
		{8630CEE5-CAA9-42A2-BBEE-22937D5C1AD0}.Release|x64.Build.0 = Release|Any CPU
		{8630CEE5-CAA9-42A2-BBEE-22937D5C1AD0}.Release|x86.ActiveCfg = Release|Any CPU
		{8630CEE5-CAA9-42A2-BBEE-22937D5C1AD0}.Release|x86.Build.0 = Release|Any CPU
		{4CB77D8E-DD70-481F-B7C5-639A66809AC9}.Debug|Any CPU.ActiveCfg = Debug|Any CPU
		{4CB77D8E-DD70-481F-B7C5-639A66809AC9}.Debug|Any CPU.Build.0 = Debug|Any CPU
		{4CB77D8E-DD70-481F-B7C5-639A66809AC9}.Debug|x64.ActiveCfg = Debug|Any CPU
		{4CB77D8E-DD70-481F-B7C5-639A66809AC9}.Debug|x64.Build.0 = Debug|Any CPU
		{4CB77D8E-DD70-481F-B7C5-639A66809AC9}.Debug|x86.ActiveCfg = Debug|Any CPU
		{4CB77D8E-DD70-481F-B7C5-639A66809AC9}.Debug|x86.Build.0 = Debug|Any CPU
		{4CB77D8E-DD70-481F-B7C5-639A66809AC9}.Release|Any CPU.ActiveCfg = Release|Any CPU
		{4CB77D8E-DD70-481F-B7C5-639A66809AC9}.Release|Any CPU.Build.0 = Release|Any CPU
		{4CB77D8E-DD70-481F-B7C5-639A66809AC9}.Release|x64.ActiveCfg = Release|Any CPU
		{4CB77D8E-DD70-481F-B7C5-639A66809AC9}.Release|x64.Build.0 = Release|Any CPU
		{4CB77D8E-DD70-481F-B7C5-639A66809AC9}.Release|x86.ActiveCfg = Release|Any CPU
		{4CB77D8E-DD70-481F-B7C5-639A66809AC9}.Release|x86.Build.0 = Release|Any CPU
		{32CA1D58-7BE4-4215-9FBD-6B8A1F758803}.Debug|Any CPU.ActiveCfg = Debug|Any CPU
		{32CA1D58-7BE4-4215-9FBD-6B8A1F758803}.Debug|Any CPU.Build.0 = Debug|Any CPU
		{32CA1D58-7BE4-4215-9FBD-6B8A1F758803}.Debug|x64.ActiveCfg = Debug|Any CPU
		{32CA1D58-7BE4-4215-9FBD-6B8A1F758803}.Debug|x64.Build.0 = Debug|Any CPU
		{32CA1D58-7BE4-4215-9FBD-6B8A1F758803}.Debug|x86.ActiveCfg = Debug|Any CPU
		{32CA1D58-7BE4-4215-9FBD-6B8A1F758803}.Debug|x86.Build.0 = Debug|Any CPU
		{32CA1D58-7BE4-4215-9FBD-6B8A1F758803}.Release|Any CPU.ActiveCfg = Release|Any CPU
		{32CA1D58-7BE4-4215-9FBD-6B8A1F758803}.Release|Any CPU.Build.0 = Release|Any CPU
		{32CA1D58-7BE4-4215-9FBD-6B8A1F758803}.Release|x64.ActiveCfg = Release|Any CPU
		{32CA1D58-7BE4-4215-9FBD-6B8A1F758803}.Release|x64.Build.0 = Release|Any CPU
		{32CA1D58-7BE4-4215-9FBD-6B8A1F758803}.Release|x86.ActiveCfg = Release|Any CPU
		{32CA1D58-7BE4-4215-9FBD-6B8A1F758803}.Release|x86.Build.0 = Release|Any CPU
		{8D2C0A15-732A-4D30-8171-EAB91E005F48}.Debug|Any CPU.ActiveCfg = Debug|Any CPU
		{8D2C0A15-732A-4D30-8171-EAB91E005F48}.Debug|Any CPU.Build.0 = Debug|Any CPU
		{8D2C0A15-732A-4D30-8171-EAB91E005F48}.Debug|x64.ActiveCfg = Debug|Any CPU
		{8D2C0A15-732A-4D30-8171-EAB91E005F48}.Debug|x64.Build.0 = Debug|Any CPU
		{8D2C0A15-732A-4D30-8171-EAB91E005F48}.Debug|x86.ActiveCfg = Debug|Any CPU
		{8D2C0A15-732A-4D30-8171-EAB91E005F48}.Debug|x86.Build.0 = Debug|Any CPU
		{8D2C0A15-732A-4D30-8171-EAB91E005F48}.Release|Any CPU.ActiveCfg = Release|Any CPU
		{8D2C0A15-732A-4D30-8171-EAB91E005F48}.Release|Any CPU.Build.0 = Release|Any CPU
		{8D2C0A15-732A-4D30-8171-EAB91E005F48}.Release|x64.ActiveCfg = Release|Any CPU
		{8D2C0A15-732A-4D30-8171-EAB91E005F48}.Release|x64.Build.0 = Release|Any CPU
		{8D2C0A15-732A-4D30-8171-EAB91E005F48}.Release|x86.ActiveCfg = Release|Any CPU
		{8D2C0A15-732A-4D30-8171-EAB91E005F48}.Release|x86.Build.0 = Release|Any CPU
		{AD868687-C27D-41E4-BA37-464E1513008C}.Debug|Any CPU.ActiveCfg = Debug|Any CPU
		{AD868687-C27D-41E4-BA37-464E1513008C}.Debug|Any CPU.Build.0 = Debug|Any CPU
		{AD868687-C27D-41E4-BA37-464E1513008C}.Debug|x64.ActiveCfg = Debug|Any CPU
		{AD868687-C27D-41E4-BA37-464E1513008C}.Debug|x64.Build.0 = Debug|Any CPU
		{AD868687-C27D-41E4-BA37-464E1513008C}.Debug|x86.ActiveCfg = Debug|Any CPU
		{AD868687-C27D-41E4-BA37-464E1513008C}.Debug|x86.Build.0 = Debug|Any CPU
		{AD868687-C27D-41E4-BA37-464E1513008C}.Release|Any CPU.ActiveCfg = Release|Any CPU
		{AD868687-C27D-41E4-BA37-464E1513008C}.Release|Any CPU.Build.0 = Release|Any CPU
		{AD868687-C27D-41E4-BA37-464E1513008C}.Release|x64.ActiveCfg = Release|Any CPU
		{AD868687-C27D-41E4-BA37-464E1513008C}.Release|x64.Build.0 = Release|Any CPU
		{AD868687-C27D-41E4-BA37-464E1513008C}.Release|x86.ActiveCfg = Release|Any CPU
		{AD868687-C27D-41E4-BA37-464E1513008C}.Release|x86.Build.0 = Release|Any CPU
		{F47A3C18-D996-41C0-988D-901B782F0892}.Debug|Any CPU.ActiveCfg = Debug|Any CPU
		{F47A3C18-D996-41C0-988D-901B782F0892}.Debug|Any CPU.Build.0 = Debug|Any CPU
		{F47A3C18-D996-41C0-988D-901B782F0892}.Debug|x64.ActiveCfg = Debug|Any CPU
		{F47A3C18-D996-41C0-988D-901B782F0892}.Debug|x64.Build.0 = Debug|Any CPU
		{F47A3C18-D996-41C0-988D-901B782F0892}.Debug|x86.ActiveCfg = Debug|Any CPU
		{F47A3C18-D996-41C0-988D-901B782F0892}.Debug|x86.Build.0 = Debug|Any CPU
		{F47A3C18-D996-41C0-988D-901B782F0892}.Release|Any CPU.ActiveCfg = Release|Any CPU
		{F47A3C18-D996-41C0-988D-901B782F0892}.Release|Any CPU.Build.0 = Release|Any CPU
		{F47A3C18-D996-41C0-988D-901B782F0892}.Release|x64.ActiveCfg = Release|Any CPU
		{F47A3C18-D996-41C0-988D-901B782F0892}.Release|x64.Build.0 = Release|Any CPU
		{F47A3C18-D996-41C0-988D-901B782F0892}.Release|x86.ActiveCfg = Release|Any CPU
		{F47A3C18-D996-41C0-988D-901B782F0892}.Release|x86.Build.0 = Release|Any CPU
		{7A4E8BA7-9F67-4055-8D6B-34A4FB824F56}.Debug|Any CPU.ActiveCfg = Debug|Any CPU
		{7A4E8BA7-9F67-4055-8D6B-34A4FB824F56}.Debug|Any CPU.Build.0 = Debug|Any CPU
		{7A4E8BA7-9F67-4055-8D6B-34A4FB824F56}.Debug|x64.ActiveCfg = Debug|Any CPU
		{7A4E8BA7-9F67-4055-8D6B-34A4FB824F56}.Debug|x64.Build.0 = Debug|Any CPU
		{7A4E8BA7-9F67-4055-8D6B-34A4FB824F56}.Debug|x86.ActiveCfg = Debug|Any CPU
		{7A4E8BA7-9F67-4055-8D6B-34A4FB824F56}.Debug|x86.Build.0 = Debug|Any CPU
		{7A4E8BA7-9F67-4055-8D6B-34A4FB824F56}.Release|Any CPU.ActiveCfg = Release|Any CPU
		{7A4E8BA7-9F67-4055-8D6B-34A4FB824F56}.Release|Any CPU.Build.0 = Release|Any CPU
		{7A4E8BA7-9F67-4055-8D6B-34A4FB824F56}.Release|x64.ActiveCfg = Release|Any CPU
		{7A4E8BA7-9F67-4055-8D6B-34A4FB824F56}.Release|x64.Build.0 = Release|Any CPU
		{7A4E8BA7-9F67-4055-8D6B-34A4FB824F56}.Release|x86.ActiveCfg = Release|Any CPU
		{7A4E8BA7-9F67-4055-8D6B-34A4FB824F56}.Release|x86.Build.0 = Release|Any CPU
		{F4F0397E-71BC-4A00-91EA-619872B992B1}.Debug|Any CPU.ActiveCfg = Debug|Any CPU
		{F4F0397E-71BC-4A00-91EA-619872B992B1}.Debug|Any CPU.Build.0 = Debug|Any CPU
		{F4F0397E-71BC-4A00-91EA-619872B992B1}.Debug|x64.ActiveCfg = Debug|Any CPU
		{F4F0397E-71BC-4A00-91EA-619872B992B1}.Debug|x64.Build.0 = Debug|Any CPU
		{F4F0397E-71BC-4A00-91EA-619872B992B1}.Debug|x86.ActiveCfg = Debug|Any CPU
		{F4F0397E-71BC-4A00-91EA-619872B992B1}.Debug|x86.Build.0 = Debug|Any CPU
		{F4F0397E-71BC-4A00-91EA-619872B992B1}.Release|Any CPU.ActiveCfg = Release|Any CPU
		{F4F0397E-71BC-4A00-91EA-619872B992B1}.Release|Any CPU.Build.0 = Release|Any CPU
		{F4F0397E-71BC-4A00-91EA-619872B992B1}.Release|x64.ActiveCfg = Release|Any CPU
		{F4F0397E-71BC-4A00-91EA-619872B992B1}.Release|x64.Build.0 = Release|Any CPU
		{F4F0397E-71BC-4A00-91EA-619872B992B1}.Release|x86.ActiveCfg = Release|Any CPU
		{F4F0397E-71BC-4A00-91EA-619872B992B1}.Release|x86.Build.0 = Release|Any CPU
		{D11EBE09-C8F3-4168-97CD-8D64E764A780}.Debug|Any CPU.ActiveCfg = Debug|Any CPU
		{D11EBE09-C8F3-4168-97CD-8D64E764A780}.Debug|Any CPU.Build.0 = Debug|Any CPU
		{D11EBE09-C8F3-4168-97CD-8D64E764A780}.Debug|x64.ActiveCfg = Debug|Any CPU
		{D11EBE09-C8F3-4168-97CD-8D64E764A780}.Debug|x64.Build.0 = Debug|Any CPU
		{D11EBE09-C8F3-4168-97CD-8D64E764A780}.Debug|x86.ActiveCfg = Debug|Any CPU
		{D11EBE09-C8F3-4168-97CD-8D64E764A780}.Debug|x86.Build.0 = Debug|Any CPU
		{D11EBE09-C8F3-4168-97CD-8D64E764A780}.Release|Any CPU.ActiveCfg = Release|Any CPU
		{D11EBE09-C8F3-4168-97CD-8D64E764A780}.Release|Any CPU.Build.0 = Release|Any CPU
		{D11EBE09-C8F3-4168-97CD-8D64E764A780}.Release|x64.ActiveCfg = Release|Any CPU
		{D11EBE09-C8F3-4168-97CD-8D64E764A780}.Release|x64.Build.0 = Release|Any CPU
		{D11EBE09-C8F3-4168-97CD-8D64E764A780}.Release|x86.ActiveCfg = Release|Any CPU
		{D11EBE09-C8F3-4168-97CD-8D64E764A780}.Release|x86.Build.0 = Release|Any CPU
		{F71C4D0E-EC39-4CE7-930B-F11EADD5AD2B}.Debug|Any CPU.ActiveCfg = Debug|Any CPU
		{F71C4D0E-EC39-4CE7-930B-F11EADD5AD2B}.Debug|Any CPU.Build.0 = Debug|Any CPU
		{F71C4D0E-EC39-4CE7-930B-F11EADD5AD2B}.Debug|x64.ActiveCfg = Debug|Any CPU
		{F71C4D0E-EC39-4CE7-930B-F11EADD5AD2B}.Debug|x64.Build.0 = Debug|Any CPU
		{F71C4D0E-EC39-4CE7-930B-F11EADD5AD2B}.Debug|x86.ActiveCfg = Debug|Any CPU
		{F71C4D0E-EC39-4CE7-930B-F11EADD5AD2B}.Debug|x86.Build.0 = Debug|Any CPU
		{F71C4D0E-EC39-4CE7-930B-F11EADD5AD2B}.Release|Any CPU.ActiveCfg = Release|Any CPU
		{F71C4D0E-EC39-4CE7-930B-F11EADD5AD2B}.Release|Any CPU.Build.0 = Release|Any CPU
		{F71C4D0E-EC39-4CE7-930B-F11EADD5AD2B}.Release|x64.ActiveCfg = Release|Any CPU
		{F71C4D0E-EC39-4CE7-930B-F11EADD5AD2B}.Release|x64.Build.0 = Release|Any CPU
		{F71C4D0E-EC39-4CE7-930B-F11EADD5AD2B}.Release|x86.ActiveCfg = Release|Any CPU
		{F71C4D0E-EC39-4CE7-930B-F11EADD5AD2B}.Release|x86.Build.0 = Release|Any CPU
		{DBB3BDED-99E6-4E8C-8F0F-3596F72C648D}.Debug|Any CPU.ActiveCfg = Debug|Any CPU
		{DBB3BDED-99E6-4E8C-8F0F-3596F72C648D}.Debug|Any CPU.Build.0 = Debug|Any CPU
		{DBB3BDED-99E6-4E8C-8F0F-3596F72C648D}.Debug|x64.ActiveCfg = Debug|Any CPU
		{DBB3BDED-99E6-4E8C-8F0F-3596F72C648D}.Debug|x64.Build.0 = Debug|Any CPU
		{DBB3BDED-99E6-4E8C-8F0F-3596F72C648D}.Debug|x86.ActiveCfg = Debug|Any CPU
		{DBB3BDED-99E6-4E8C-8F0F-3596F72C648D}.Debug|x86.Build.0 = Debug|Any CPU
		{DBB3BDED-99E6-4E8C-8F0F-3596F72C648D}.Release|Any CPU.ActiveCfg = Release|Any CPU
		{DBB3BDED-99E6-4E8C-8F0F-3596F72C648D}.Release|Any CPU.Build.0 = Release|Any CPU
		{DBB3BDED-99E6-4E8C-8F0F-3596F72C648D}.Release|x64.ActiveCfg = Release|Any CPU
		{DBB3BDED-99E6-4E8C-8F0F-3596F72C648D}.Release|x64.Build.0 = Release|Any CPU
		{DBB3BDED-99E6-4E8C-8F0F-3596F72C648D}.Release|x86.ActiveCfg = Release|Any CPU
		{DBB3BDED-99E6-4E8C-8F0F-3596F72C648D}.Release|x86.Build.0 = Release|Any CPU
		{34F5D583-7F17-4D4E-BB8B-EEA0489669DB}.Debug|Any CPU.ActiveCfg = Debug|Any CPU
		{34F5D583-7F17-4D4E-BB8B-EEA0489669DB}.Debug|Any CPU.Build.0 = Debug|Any CPU
		{34F5D583-7F17-4D4E-BB8B-EEA0489669DB}.Debug|x64.ActiveCfg = Debug|Any CPU
		{34F5D583-7F17-4D4E-BB8B-EEA0489669DB}.Debug|x64.Build.0 = Debug|Any CPU
		{34F5D583-7F17-4D4E-BB8B-EEA0489669DB}.Debug|x86.ActiveCfg = Debug|Any CPU
		{34F5D583-7F17-4D4E-BB8B-EEA0489669DB}.Debug|x86.Build.0 = Debug|Any CPU
		{34F5D583-7F17-4D4E-BB8B-EEA0489669DB}.Release|Any CPU.ActiveCfg = Release|Any CPU
		{34F5D583-7F17-4D4E-BB8B-EEA0489669DB}.Release|Any CPU.Build.0 = Release|Any CPU
		{34F5D583-7F17-4D4E-BB8B-EEA0489669DB}.Release|x64.ActiveCfg = Release|Any CPU
		{34F5D583-7F17-4D4E-BB8B-EEA0489669DB}.Release|x64.Build.0 = Release|Any CPU
		{34F5D583-7F17-4D4E-BB8B-EEA0489669DB}.Release|x86.ActiveCfg = Release|Any CPU
		{34F5D583-7F17-4D4E-BB8B-EEA0489669DB}.Release|x86.Build.0 = Release|Any CPU
		{AE2E32B2-17AD-4B38-9A56-71EBFD4D8C1D}.Debug|Any CPU.ActiveCfg = Debug|Any CPU
		{AE2E32B2-17AD-4B38-9A56-71EBFD4D8C1D}.Debug|Any CPU.Build.0 = Debug|Any CPU
		{AE2E32B2-17AD-4B38-9A56-71EBFD4D8C1D}.Debug|x64.ActiveCfg = Debug|Any CPU
		{AE2E32B2-17AD-4B38-9A56-71EBFD4D8C1D}.Debug|x64.Build.0 = Debug|Any CPU
		{AE2E32B2-17AD-4B38-9A56-71EBFD4D8C1D}.Debug|x86.ActiveCfg = Debug|Any CPU
		{AE2E32B2-17AD-4B38-9A56-71EBFD4D8C1D}.Debug|x86.Build.0 = Debug|Any CPU
		{AE2E32B2-17AD-4B38-9A56-71EBFD4D8C1D}.Release|Any CPU.ActiveCfg = Release|Any CPU
		{AE2E32B2-17AD-4B38-9A56-71EBFD4D8C1D}.Release|Any CPU.Build.0 = Release|Any CPU
		{AE2E32B2-17AD-4B38-9A56-71EBFD4D8C1D}.Release|x64.ActiveCfg = Release|Any CPU
		{AE2E32B2-17AD-4B38-9A56-71EBFD4D8C1D}.Release|x64.Build.0 = Release|Any CPU
		{AE2E32B2-17AD-4B38-9A56-71EBFD4D8C1D}.Release|x86.ActiveCfg = Release|Any CPU
		{AE2E32B2-17AD-4B38-9A56-71EBFD4D8C1D}.Release|x86.Build.0 = Release|Any CPU
		{2BA6AC78-7778-493D-8A71-30ED71401C7C}.Debug|Any CPU.ActiveCfg = Debug|Any CPU
		{2BA6AC78-7778-493D-8A71-30ED71401C7C}.Debug|Any CPU.Build.0 = Debug|Any CPU
		{2BA6AC78-7778-493D-8A71-30ED71401C7C}.Debug|x64.ActiveCfg = Debug|Any CPU
		{2BA6AC78-7778-493D-8A71-30ED71401C7C}.Debug|x64.Build.0 = Debug|Any CPU
		{2BA6AC78-7778-493D-8A71-30ED71401C7C}.Debug|x86.ActiveCfg = Debug|Any CPU
		{2BA6AC78-7778-493D-8A71-30ED71401C7C}.Debug|x86.Build.0 = Debug|Any CPU
		{2BA6AC78-7778-493D-8A71-30ED71401C7C}.Release|Any CPU.ActiveCfg = Release|Any CPU
		{2BA6AC78-7778-493D-8A71-30ED71401C7C}.Release|Any CPU.Build.0 = Release|Any CPU
		{2BA6AC78-7778-493D-8A71-30ED71401C7C}.Release|x64.ActiveCfg = Release|Any CPU
		{2BA6AC78-7778-493D-8A71-30ED71401C7C}.Release|x64.Build.0 = Release|Any CPU
		{2BA6AC78-7778-493D-8A71-30ED71401C7C}.Release|x86.ActiveCfg = Release|Any CPU
		{2BA6AC78-7778-493D-8A71-30ED71401C7C}.Release|x86.Build.0 = Release|Any CPU
		{C82069A2-B682-46B4-88D8-541E3D28A503}.Debug|Any CPU.ActiveCfg = Debug|Any CPU
		{C82069A2-B682-46B4-88D8-541E3D28A503}.Debug|Any CPU.Build.0 = Debug|Any CPU
		{C82069A2-B682-46B4-88D8-541E3D28A503}.Debug|x64.ActiveCfg = Debug|Any CPU
		{C82069A2-B682-46B4-88D8-541E3D28A503}.Debug|x64.Build.0 = Debug|Any CPU
		{C82069A2-B682-46B4-88D8-541E3D28A503}.Debug|x86.ActiveCfg = Debug|Any CPU
		{C82069A2-B682-46B4-88D8-541E3D28A503}.Debug|x86.Build.0 = Debug|Any CPU
		{C82069A2-B682-46B4-88D8-541E3D28A503}.Release|Any CPU.ActiveCfg = Release|Any CPU
		{C82069A2-B682-46B4-88D8-541E3D28A503}.Release|Any CPU.Build.0 = Release|Any CPU
		{C82069A2-B682-46B4-88D8-541E3D28A503}.Release|x64.ActiveCfg = Release|Any CPU
		{C82069A2-B682-46B4-88D8-541E3D28A503}.Release|x64.Build.0 = Release|Any CPU
		{C82069A2-B682-46B4-88D8-541E3D28A503}.Release|x86.ActiveCfg = Release|Any CPU
		{C82069A2-B682-46B4-88D8-541E3D28A503}.Release|x86.Build.0 = Release|Any CPU
		{6186F128-CAED-477E-A5A3-E3D7B50F19FE}.Debug|Any CPU.ActiveCfg = Debug|Any CPU
		{6186F128-CAED-477E-A5A3-E3D7B50F19FE}.Debug|Any CPU.Build.0 = Debug|Any CPU
		{6186F128-CAED-477E-A5A3-E3D7B50F19FE}.Debug|x64.ActiveCfg = Debug|Any CPU
		{6186F128-CAED-477E-A5A3-E3D7B50F19FE}.Debug|x64.Build.0 = Debug|Any CPU
		{6186F128-CAED-477E-A5A3-E3D7B50F19FE}.Debug|x86.ActiveCfg = Debug|Any CPU
		{6186F128-CAED-477E-A5A3-E3D7B50F19FE}.Debug|x86.Build.0 = Debug|Any CPU
		{6186F128-CAED-477E-A5A3-E3D7B50F19FE}.Release|Any CPU.ActiveCfg = Release|Any CPU
		{6186F128-CAED-477E-A5A3-E3D7B50F19FE}.Release|Any CPU.Build.0 = Release|Any CPU
		{6186F128-CAED-477E-A5A3-E3D7B50F19FE}.Release|x64.ActiveCfg = Release|Any CPU
		{6186F128-CAED-477E-A5A3-E3D7B50F19FE}.Release|x64.Build.0 = Release|Any CPU
		{6186F128-CAED-477E-A5A3-E3D7B50F19FE}.Release|x86.ActiveCfg = Release|Any CPU
		{6186F128-CAED-477E-A5A3-E3D7B50F19FE}.Release|x86.Build.0 = Release|Any CPU
		{225A9E49-1F60-403A-9405-C6E578097126}.Debug|Any CPU.ActiveCfg = Debug|Any CPU
		{225A9E49-1F60-403A-9405-C6E578097126}.Debug|Any CPU.Build.0 = Debug|Any CPU
		{225A9E49-1F60-403A-9405-C6E578097126}.Debug|x64.ActiveCfg = Debug|Any CPU
		{225A9E49-1F60-403A-9405-C6E578097126}.Debug|x64.Build.0 = Debug|Any CPU
		{225A9E49-1F60-403A-9405-C6E578097126}.Debug|x86.ActiveCfg = Debug|Any CPU
		{225A9E49-1F60-403A-9405-C6E578097126}.Debug|x86.Build.0 = Debug|Any CPU
		{225A9E49-1F60-403A-9405-C6E578097126}.Release|Any CPU.ActiveCfg = Release|Any CPU
		{225A9E49-1F60-403A-9405-C6E578097126}.Release|Any CPU.Build.0 = Release|Any CPU
		{225A9E49-1F60-403A-9405-C6E578097126}.Release|x64.ActiveCfg = Release|Any CPU
		{225A9E49-1F60-403A-9405-C6E578097126}.Release|x64.Build.0 = Release|Any CPU
		{225A9E49-1F60-403A-9405-C6E578097126}.Release|x86.ActiveCfg = Release|Any CPU
		{225A9E49-1F60-403A-9405-C6E578097126}.Release|x86.Build.0 = Release|Any CPU
		{53D708EB-2DDD-485B-B90B-8A16874DB5DE}.Debug|Any CPU.ActiveCfg = Debug|Any CPU
		{53D708EB-2DDD-485B-B90B-8A16874DB5DE}.Debug|Any CPU.Build.0 = Debug|Any CPU
		{53D708EB-2DDD-485B-B90B-8A16874DB5DE}.Debug|x64.ActiveCfg = Debug|Any CPU
		{53D708EB-2DDD-485B-B90B-8A16874DB5DE}.Debug|x64.Build.0 = Debug|Any CPU
		{53D708EB-2DDD-485B-B90B-8A16874DB5DE}.Debug|x86.ActiveCfg = Debug|Any CPU
		{53D708EB-2DDD-485B-B90B-8A16874DB5DE}.Debug|x86.Build.0 = Debug|Any CPU
		{53D708EB-2DDD-485B-B90B-8A16874DB5DE}.Release|Any CPU.ActiveCfg = Release|Any CPU
		{53D708EB-2DDD-485B-B90B-8A16874DB5DE}.Release|Any CPU.Build.0 = Release|Any CPU
		{53D708EB-2DDD-485B-B90B-8A16874DB5DE}.Release|x64.ActiveCfg = Release|Any CPU
		{53D708EB-2DDD-485B-B90B-8A16874DB5DE}.Release|x64.Build.0 = Release|Any CPU
		{53D708EB-2DDD-485B-B90B-8A16874DB5DE}.Release|x86.ActiveCfg = Release|Any CPU
		{53D708EB-2DDD-485B-B90B-8A16874DB5DE}.Release|x86.Build.0 = Release|Any CPU
		{0662B27C-D894-4EF5-9ABD-447D8FB21A2D}.Debug|Any CPU.ActiveCfg = Debug|Any CPU
		{0662B27C-D894-4EF5-9ABD-447D8FB21A2D}.Debug|Any CPU.Build.0 = Debug|Any CPU
		{0662B27C-D894-4EF5-9ABD-447D8FB21A2D}.Debug|x64.ActiveCfg = Debug|Any CPU
		{0662B27C-D894-4EF5-9ABD-447D8FB21A2D}.Debug|x64.Build.0 = Debug|Any CPU
		{0662B27C-D894-4EF5-9ABD-447D8FB21A2D}.Debug|x86.ActiveCfg = Debug|Any CPU
		{0662B27C-D894-4EF5-9ABD-447D8FB21A2D}.Debug|x86.Build.0 = Debug|Any CPU
		{0662B27C-D894-4EF5-9ABD-447D8FB21A2D}.Release|Any CPU.ActiveCfg = Release|Any CPU
		{0662B27C-D894-4EF5-9ABD-447D8FB21A2D}.Release|Any CPU.Build.0 = Release|Any CPU
		{0662B27C-D894-4EF5-9ABD-447D8FB21A2D}.Release|x64.ActiveCfg = Release|Any CPU
		{0662B27C-D894-4EF5-9ABD-447D8FB21A2D}.Release|x64.Build.0 = Release|Any CPU
		{0662B27C-D894-4EF5-9ABD-447D8FB21A2D}.Release|x86.ActiveCfg = Release|Any CPU
		{0662B27C-D894-4EF5-9ABD-447D8FB21A2D}.Release|x86.Build.0 = Release|Any CPU
		{7D36615D-D3CB-455D-BDBA-853D3E87E9F3}.Debug|Any CPU.ActiveCfg = Debug|Any CPU
		{7D36615D-D3CB-455D-BDBA-853D3E87E9F3}.Debug|Any CPU.Build.0 = Debug|Any CPU
		{7D36615D-D3CB-455D-BDBA-853D3E87E9F3}.Debug|x64.ActiveCfg = Debug|Any CPU
		{7D36615D-D3CB-455D-BDBA-853D3E87E9F3}.Debug|x64.Build.0 = Debug|Any CPU
		{7D36615D-D3CB-455D-BDBA-853D3E87E9F3}.Debug|x86.ActiveCfg = Debug|Any CPU
		{7D36615D-D3CB-455D-BDBA-853D3E87E9F3}.Debug|x86.Build.0 = Debug|Any CPU
		{7D36615D-D3CB-455D-BDBA-853D3E87E9F3}.Release|Any CPU.ActiveCfg = Release|Any CPU
		{7D36615D-D3CB-455D-BDBA-853D3E87E9F3}.Release|Any CPU.Build.0 = Release|Any CPU
		{7D36615D-D3CB-455D-BDBA-853D3E87E9F3}.Release|x64.ActiveCfg = Release|Any CPU
		{7D36615D-D3CB-455D-BDBA-853D3E87E9F3}.Release|x64.Build.0 = Release|Any CPU
		{7D36615D-D3CB-455D-BDBA-853D3E87E9F3}.Release|x86.ActiveCfg = Release|Any CPU
		{7D36615D-D3CB-455D-BDBA-853D3E87E9F3}.Release|x86.Build.0 = Release|Any CPU
		{32A11DD1-48DD-4905-AB14-D2101912E61E}.Debug|Any CPU.ActiveCfg = Debug|Any CPU
		{32A11DD1-48DD-4905-AB14-D2101912E61E}.Debug|Any CPU.Build.0 = Debug|Any CPU
		{32A11DD1-48DD-4905-AB14-D2101912E61E}.Debug|x64.ActiveCfg = Debug|Any CPU
		{32A11DD1-48DD-4905-AB14-D2101912E61E}.Debug|x64.Build.0 = Debug|Any CPU
		{32A11DD1-48DD-4905-AB14-D2101912E61E}.Debug|x86.ActiveCfg = Debug|Any CPU
		{32A11DD1-48DD-4905-AB14-D2101912E61E}.Debug|x86.Build.0 = Debug|Any CPU
		{32A11DD1-48DD-4905-AB14-D2101912E61E}.Release|Any CPU.ActiveCfg = Release|Any CPU
		{32A11DD1-48DD-4905-AB14-D2101912E61E}.Release|Any CPU.Build.0 = Release|Any CPU
		{32A11DD1-48DD-4905-AB14-D2101912E61E}.Release|x64.ActiveCfg = Release|Any CPU
		{32A11DD1-48DD-4905-AB14-D2101912E61E}.Release|x64.Build.0 = Release|Any CPU
		{32A11DD1-48DD-4905-AB14-D2101912E61E}.Release|x86.ActiveCfg = Release|Any CPU
		{32A11DD1-48DD-4905-AB14-D2101912E61E}.Release|x86.Build.0 = Release|Any CPU
		{3E58884D-4246-44FB-ADD4-0BCD9A1C2162}.Debug|Any CPU.ActiveCfg = Debug|Any CPU
		{3E58884D-4246-44FB-ADD4-0BCD9A1C2162}.Debug|Any CPU.Build.0 = Debug|Any CPU
		{3E58884D-4246-44FB-ADD4-0BCD9A1C2162}.Debug|x64.ActiveCfg = Debug|Any CPU
		{3E58884D-4246-44FB-ADD4-0BCD9A1C2162}.Debug|x64.Build.0 = Debug|Any CPU
		{3E58884D-4246-44FB-ADD4-0BCD9A1C2162}.Debug|x86.ActiveCfg = Debug|Any CPU
		{3E58884D-4246-44FB-ADD4-0BCD9A1C2162}.Debug|x86.Build.0 = Debug|Any CPU
		{3E58884D-4246-44FB-ADD4-0BCD9A1C2162}.Release|Any CPU.ActiveCfg = Release|Any CPU
		{3E58884D-4246-44FB-ADD4-0BCD9A1C2162}.Release|Any CPU.Build.0 = Release|Any CPU
		{3E58884D-4246-44FB-ADD4-0BCD9A1C2162}.Release|x64.ActiveCfg = Release|Any CPU
		{3E58884D-4246-44FB-ADD4-0BCD9A1C2162}.Release|x64.Build.0 = Release|Any CPU
		{3E58884D-4246-44FB-ADD4-0BCD9A1C2162}.Release|x86.ActiveCfg = Release|Any CPU
		{3E58884D-4246-44FB-ADD4-0BCD9A1C2162}.Release|x86.Build.0 = Release|Any CPU
		{A11FC68C-7672-4705-B486-B5CB651230A8}.Debug|Any CPU.ActiveCfg = Debug|Any CPU
		{A11FC68C-7672-4705-B486-B5CB651230A8}.Debug|Any CPU.Build.0 = Debug|Any CPU
		{A11FC68C-7672-4705-B486-B5CB651230A8}.Debug|x64.ActiveCfg = Debug|Any CPU
		{A11FC68C-7672-4705-B486-B5CB651230A8}.Debug|x64.Build.0 = Debug|Any CPU
		{A11FC68C-7672-4705-B486-B5CB651230A8}.Debug|x86.ActiveCfg = Debug|Any CPU
		{A11FC68C-7672-4705-B486-B5CB651230A8}.Debug|x86.Build.0 = Debug|Any CPU
		{A11FC68C-7672-4705-B486-B5CB651230A8}.Release|Any CPU.ActiveCfg = Release|Any CPU
		{A11FC68C-7672-4705-B486-B5CB651230A8}.Release|Any CPU.Build.0 = Release|Any CPU
		{A11FC68C-7672-4705-B486-B5CB651230A8}.Release|x64.ActiveCfg = Release|Any CPU
		{A11FC68C-7672-4705-B486-B5CB651230A8}.Release|x64.Build.0 = Release|Any CPU
		{A11FC68C-7672-4705-B486-B5CB651230A8}.Release|x86.ActiveCfg = Release|Any CPU
		{A11FC68C-7672-4705-B486-B5CB651230A8}.Release|x86.Build.0 = Release|Any CPU
		{056C79C3-7B4A-43D0-9BF8-BB1F7BDE4718}.Debug|Any CPU.ActiveCfg = Debug|Any CPU
		{056C79C3-7B4A-43D0-9BF8-BB1F7BDE4718}.Debug|Any CPU.Build.0 = Debug|Any CPU
		{056C79C3-7B4A-43D0-9BF8-BB1F7BDE4718}.Debug|x64.ActiveCfg = Debug|Any CPU
		{056C79C3-7B4A-43D0-9BF8-BB1F7BDE4718}.Debug|x64.Build.0 = Debug|Any CPU
		{056C79C3-7B4A-43D0-9BF8-BB1F7BDE4718}.Debug|x86.ActiveCfg = Debug|Any CPU
		{056C79C3-7B4A-43D0-9BF8-BB1F7BDE4718}.Debug|x86.Build.0 = Debug|Any CPU
		{056C79C3-7B4A-43D0-9BF8-BB1F7BDE4718}.Release|Any CPU.ActiveCfg = Release|Any CPU
		{056C79C3-7B4A-43D0-9BF8-BB1F7BDE4718}.Release|Any CPU.Build.0 = Release|Any CPU
		{056C79C3-7B4A-43D0-9BF8-BB1F7BDE4718}.Release|x64.ActiveCfg = Release|Any CPU
		{056C79C3-7B4A-43D0-9BF8-BB1F7BDE4718}.Release|x64.Build.0 = Release|Any CPU
		{056C79C3-7B4A-43D0-9BF8-BB1F7BDE4718}.Release|x86.ActiveCfg = Release|Any CPU
		{056C79C3-7B4A-43D0-9BF8-BB1F7BDE4718}.Release|x86.Build.0 = Release|Any CPU
		{220F5203-12FF-47D8-8DEE-04622EEC84C1}.Debug|Any CPU.ActiveCfg = Debug|Any CPU
		{220F5203-12FF-47D8-8DEE-04622EEC84C1}.Debug|Any CPU.Build.0 = Debug|Any CPU
		{220F5203-12FF-47D8-8DEE-04622EEC84C1}.Debug|x64.ActiveCfg = Debug|Any CPU
		{220F5203-12FF-47D8-8DEE-04622EEC84C1}.Debug|x64.Build.0 = Debug|Any CPU
		{220F5203-12FF-47D8-8DEE-04622EEC84C1}.Debug|x86.ActiveCfg = Debug|Any CPU
		{220F5203-12FF-47D8-8DEE-04622EEC84C1}.Debug|x86.Build.0 = Debug|Any CPU
		{220F5203-12FF-47D8-8DEE-04622EEC84C1}.Release|Any CPU.ActiveCfg = Release|Any CPU
		{220F5203-12FF-47D8-8DEE-04622EEC84C1}.Release|Any CPU.Build.0 = Release|Any CPU
		{220F5203-12FF-47D8-8DEE-04622EEC84C1}.Release|x64.ActiveCfg = Release|Any CPU
		{220F5203-12FF-47D8-8DEE-04622EEC84C1}.Release|x64.Build.0 = Release|Any CPU
		{220F5203-12FF-47D8-8DEE-04622EEC84C1}.Release|x86.ActiveCfg = Release|Any CPU
		{220F5203-12FF-47D8-8DEE-04622EEC84C1}.Release|x86.Build.0 = Release|Any CPU
		{14013D6D-E0B4-4F6F-AF82-E3190D1CD422}.Debug|Any CPU.ActiveCfg = Debug|Any CPU
		{14013D6D-E0B4-4F6F-AF82-E3190D1CD422}.Debug|Any CPU.Build.0 = Debug|Any CPU
		{14013D6D-E0B4-4F6F-AF82-E3190D1CD422}.Debug|x64.ActiveCfg = Debug|Any CPU
		{14013D6D-E0B4-4F6F-AF82-E3190D1CD422}.Debug|x64.Build.0 = Debug|Any CPU
		{14013D6D-E0B4-4F6F-AF82-E3190D1CD422}.Debug|x86.ActiveCfg = Debug|Any CPU
		{14013D6D-E0B4-4F6F-AF82-E3190D1CD422}.Debug|x86.Build.0 = Debug|Any CPU
		{14013D6D-E0B4-4F6F-AF82-E3190D1CD422}.Release|Any CPU.ActiveCfg = Release|Any CPU
		{14013D6D-E0B4-4F6F-AF82-E3190D1CD422}.Release|Any CPU.Build.0 = Release|Any CPU
		{14013D6D-E0B4-4F6F-AF82-E3190D1CD422}.Release|x64.ActiveCfg = Release|Any CPU
		{14013D6D-E0B4-4F6F-AF82-E3190D1CD422}.Release|x64.Build.0 = Release|Any CPU
		{14013D6D-E0B4-4F6F-AF82-E3190D1CD422}.Release|x86.ActiveCfg = Release|Any CPU
		{14013D6D-E0B4-4F6F-AF82-E3190D1CD422}.Release|x86.Build.0 = Release|Any CPU
	EndGlobalSection
	GlobalSection(SolutionProperties) = preSolution
		HideSolutionNode = FALSE
	EndGlobalSection
	GlobalSection(NestedProjects) = preSolution
		{22C69357-542E-4A43-B031-4D8867BA3E42} = {368A52C5-8C52-49FD-AF0B-ECFC61A55CAC}
		{0A47EDE3-1AB7-4D7A-8D41-B3EDF69AE170} = {368A52C5-8C52-49FD-AF0B-ECFC61A55CAC}
		{716C1217-55CA-47FF-9F51-C8AE0D3A9D4A} = {368A52C5-8C52-49FD-AF0B-ECFC61A55CAC}
		{ED49822D-2376-4AEE-AA83-A13EA90AA2D1} = {2C6BD869-D7C8-4B4A-BAB6-5CF026B3844E}
		{6128A222-D7FC-4A69-8378-2C27358A1135} = {2C6BD869-D7C8-4B4A-BAB6-5CF026B3844E}
		{BE4D193E-E146-4CE9-8C1F-721940D8F70A} = {2C6BD869-D7C8-4B4A-BAB6-5CF026B3844E}
		{FA95E536-75D1-4346-963E-920DDA0B5146} = {C3ACFC91-515E-4229-9CF5-1D12FBF14CF3}
		{63BE407B-6A77-4453-A476-8976AF0532C6} = {C3ACFC91-515E-4229-9CF5-1D12FBF14CF3}
		{41C69096-04E9-45F4-AFCF-C9359C11DA93} = {C3ACFC91-515E-4229-9CF5-1D12FBF14CF3}
		{8630CEE5-CAA9-42A2-BBEE-22937D5C1AD0} = {C3ACFC91-515E-4229-9CF5-1D12FBF14CF3}
		{4CB77D8E-DD70-481F-B7C5-639A66809AC9} = {1E149DA3-0A5A-41A3-809B-EC9546336F8F}
		{32CA1D58-7BE4-4215-9FBD-6B8A1F758803} = {1E149DA3-0A5A-41A3-809B-EC9546336F8F}
		{8D2C0A15-732A-4D30-8171-EAB91E005F48} = {1E149DA3-0A5A-41A3-809B-EC9546336F8F}
		{AD868687-C27D-41E4-BA37-464E1513008C} = {1E149DA3-0A5A-41A3-809B-EC9546336F8F}
		{F47A3C18-D996-41C0-988D-901B782F0892} = {3D5ADBC7-89F4-4C08-8CC0-809D87FA152A}
		{7A4E8BA7-9F67-4055-8D6B-34A4FB824F56} = {3D5ADBC7-89F4-4C08-8CC0-809D87FA152A}
		{F4F0397E-71BC-4A00-91EA-619872B992B1} = {3D5ADBC7-89F4-4C08-8CC0-809D87FA152A}
		{D11EBE09-C8F3-4168-97CD-8D64E764A780} = {3D5ADBC7-89F4-4C08-8CC0-809D87FA152A}
		{F71C4D0E-EC39-4CE7-930B-F11EADD5AD2B} = {8BB47880-8BA1-486E-8709-42B59E9CC5B0}
		{DBB3BDED-99E6-4E8C-8F0F-3596F72C648D} = {8BB47880-8BA1-486E-8709-42B59E9CC5B0}
		{34F5D583-7F17-4D4E-BB8B-EEA0489669DB} = {8BB47880-8BA1-486E-8709-42B59E9CC5B0}
		{AE2E32B2-17AD-4B38-9A56-71EBFD4D8C1D} = {8BB47880-8BA1-486E-8709-42B59E9CC5B0}
		{2BA6AC78-7778-493D-8A71-30ED71401C7C} = {AAF4FB3E-29B8-4A42-89AD-CA7687FC0A79}
		{C82069A2-B682-46B4-88D8-541E3D28A503} = {AAF4FB3E-29B8-4A42-89AD-CA7687FC0A79}
		{6186F128-CAED-477E-A5A3-E3D7B50F19FE} = {AAF4FB3E-29B8-4A42-89AD-CA7687FC0A79}
		{225A9E49-1F60-403A-9405-C6E578097126} = {AAF4FB3E-29B8-4A42-89AD-CA7687FC0A79}
		{53D708EB-2DDD-485B-B90B-8A16874DB5DE} = {5189373E-EC70-416D-BE18-C9B19C2A5250}
		{0662B27C-D894-4EF5-9ABD-447D8FB21A2D} = {5189373E-EC70-416D-BE18-C9B19C2A5250}
		{7D36615D-D3CB-455D-BDBA-853D3E87E9F3} = {5189373E-EC70-416D-BE18-C9B19C2A5250}
		{32A11DD1-48DD-4905-AB14-D2101912E61E} = {5189373E-EC70-416D-BE18-C9B19C2A5250}
		{3E58884D-4246-44FB-ADD4-0BCD9A1C2162} = {FB25CB90-3FFE-4321-A454-86EF4E361545}
		{A11FC68C-7672-4705-B486-B5CB651230A8} = {FB25CB90-3FFE-4321-A454-86EF4E361545}
		{056C79C3-7B4A-43D0-9BF8-BB1F7BDE4718} = {FB25CB90-3FFE-4321-A454-86EF4E361545}
		{220F5203-12FF-47D8-8DEE-04622EEC84C1} = {FB25CB90-3FFE-4321-A454-86EF4E361545}
		{14013D6D-E0B4-4F6F-AF82-E3190D1CD422} = {2C6BD869-D7C8-4B4A-BAB6-5CF026B3844E}
	EndGlobalSection
	GlobalSection(ExtensibilityGlobals) = postSolution
		SolutionGuid = {EE5A6A54-C5FC-423B-88B0-E891CDC68C46}
	EndGlobalSection
EndGlobal
