
Microsoft Visual Studio Solution File, Format Version 12.00
# Visual Studio Version 16
VisualStudioVersion = 16.0.29411.108
MinimumVisualStudioVersion = 15.0.26124.0
Project("{2150E333-8FDC-42A3-9474-1A3956D46DE8}") = "common", "common", "{368A52C5-8C52-49FD-AF0B-ECFC61A55CAC}"
EndProject
Project("{9A19103F-16F7-4668-BE54-9A1E7A4F7556}") = "Services", "../common/Services/Services.csproj", "{22C69357-542E-4A43-B031-4D8867BA3E42}"
EndProject
Project("{9A19103F-16F7-4668-BE54-9A1E7A4F7556}") = "Services.Test", "../../../test/services/common/Services.Test/Services.Test.csproj", "{0A47EDE3-1AB7-4D7A-8D41-B3EDF69AE170}"
EndProject
Project("{9A19103F-16F7-4668-BE54-9A1E7A4F7556}") = "TestHelpers", "../../../test/services/common/TestHelpers/TestHelpers.csproj", "{716C1217-55CA-47FF-9F51-C8AE0D3A9D4A}"
EndProject
Project("{9A19103F-16F7-4668-BE54-9A1E7A4F7556}") = "WebService", "WebService/WebService.csproj", "{DB3FCA61-6660-4DA2-B409-34545727DEDC}"
EndProject
Project("{9A19103F-16F7-4668-BE54-9A1E7A4F7556}") = "Services", "Services/Services.csproj", "{D4E03F16-0CEA-4202-A581-09983C9E2635}"
EndProject
Project("{9A19103F-16F7-4668-BE54-9A1E7A4F7556}") = "WebService.Test", "../../../test/services/identity-gateway/WebService.Test/WebService.Test.csproj", "{1D49EC85-0AF4-4C3F-98A3-36CBBB34F117}"
EndProject
Project("{9A19103F-16F7-4668-BE54-9A1E7A4F7556}") = "Services.Test", "../../../test/services/identity-gateway/Services.Test/Services.Test.csproj", "{95419BB8-0102-4EC9-9C0D-AF3F22D6F997}"
EndProject
Global
	GlobalSection(SolutionConfigurationPlatforms) = preSolution
		Debug|Any CPU = Debug|Any CPU
		Debug|x64 = Debug|x64
		Debug|x86 = Debug|x86
		Release|Any CPU = Release|Any CPU
		Release|x64 = Release|x64
		Release|x86 = Release|x86
	EndGlobalSection
	GlobalSection(ProjectConfigurationPlatforms) = postSolution
		{22C69357-542E-4A43-B031-4D8867BA3E42}.Debug|Any CPU.ActiveCfg = Debug|Any CPU
		{22C69357-542E-4A43-B031-4D8867BA3E42}.Debug|Any CPU.Build.0 = Debug|Any CPU
		{22C69357-542E-4A43-B031-4D8867BA3E42}.Debug|x64.ActiveCfg = Debug|Any CPU
		{22C69357-542E-4A43-B031-4D8867BA3E42}.Debug|x64.Build.0 = Debug|Any CPU
		{22C69357-542E-4A43-B031-4D8867BA3E42}.Debug|x86.ActiveCfg = Debug|Any CPU
		{22C69357-542E-4A43-B031-4D8867BA3E42}.Debug|x86.Build.0 = Debug|Any CPU
		{22C69357-542E-4A43-B031-4D8867BA3E42}.Release|Any CPU.ActiveCfg = Release|Any CPU
		{22C69357-542E-4A43-B031-4D8867BA3E42}.Release|Any CPU.Build.0 = Release|Any CPU
		{22C69357-542E-4A43-B031-4D8867BA3E42}.Release|x64.ActiveCfg = Release|Any CPU
		{22C69357-542E-4A43-B031-4D8867BA3E42}.Release|x64.Build.0 = Release|Any CPU
		{22C69357-542E-4A43-B031-4D8867BA3E42}.Release|x86.ActiveCfg = Release|Any CPU
		{22C69357-542E-4A43-B031-4D8867BA3E42}.Release|x86.Build.0 = Release|Any CPU
		{0A47EDE3-1AB7-4D7A-8D41-B3EDF69AE170}.Debug|Any CPU.ActiveCfg = Debug|Any CPU
		{0A47EDE3-1AB7-4D7A-8D41-B3EDF69AE170}.Debug|Any CPU.Build.0 = Debug|Any CPU
		{0A47EDE3-1AB7-4D7A-8D41-B3EDF69AE170}.Debug|x64.ActiveCfg = Debug|Any CPU
		{0A47EDE3-1AB7-4D7A-8D41-B3EDF69AE170}.Debug|x64.Build.0 = Debug|Any CPU
		{0A47EDE3-1AB7-4D7A-8D41-B3EDF69AE170}.Debug|x86.ActiveCfg = Debug|Any CPU
		{0A47EDE3-1AB7-4D7A-8D41-B3EDF69AE170}.Debug|x86.Build.0 = Debug|Any CPU
		{0A47EDE3-1AB7-4D7A-8D41-B3EDF69AE170}.Release|Any CPU.ActiveCfg = Release|Any CPU
		{0A47EDE3-1AB7-4D7A-8D41-B3EDF69AE170}.Release|Any CPU.Build.0 = Release|Any CPU
		{0A47EDE3-1AB7-4D7A-8D41-B3EDF69AE170}.Release|x64.ActiveCfg = Release|Any CPU
		{0A47EDE3-1AB7-4D7A-8D41-B3EDF69AE170}.Release|x64.Build.0 = Release|Any CPU
		{0A47EDE3-1AB7-4D7A-8D41-B3EDF69AE170}.Release|x86.ActiveCfg = Release|Any CPU
		{0A47EDE3-1AB7-4D7A-8D41-B3EDF69AE170}.Release|x86.Build.0 = Release|Any CPU
		{716C1217-55CA-47FF-9F51-C8AE0D3A9D4A}.Debug|Any CPU.ActiveCfg = Debug|Any CPU
		{716C1217-55CA-47FF-9F51-C8AE0D3A9D4A}.Debug|Any CPU.Build.0 = Debug|Any CPU
		{716C1217-55CA-47FF-9F51-C8AE0D3A9D4A}.Debug|x64.ActiveCfg = Debug|Any CPU
		{716C1217-55CA-47FF-9F51-C8AE0D3A9D4A}.Debug|x64.Build.0 = Debug|Any CPU
		{716C1217-55CA-47FF-9F51-C8AE0D3A9D4A}.Debug|x86.ActiveCfg = Debug|Any CPU
		{716C1217-55CA-47FF-9F51-C8AE0D3A9D4A}.Debug|x86.Build.0 = Debug|Any CPU
		{716C1217-55CA-47FF-9F51-C8AE0D3A9D4A}.Release|Any CPU.ActiveCfg = Release|Any CPU
		{716C1217-55CA-47FF-9F51-C8AE0D3A9D4A}.Release|Any CPU.Build.0 = Release|Any CPU
		{716C1217-55CA-47FF-9F51-C8AE0D3A9D4A}.Release|x64.ActiveCfg = Release|Any CPU
		{716C1217-55CA-47FF-9F51-C8AE0D3A9D4A}.Release|x64.Build.0 = Release|Any CPU
		{716C1217-55CA-47FF-9F51-C8AE0D3A9D4A}.Release|x86.ActiveCfg = Release|Any CPU
		{716C1217-55CA-47FF-9F51-C8AE0D3A9D4A}.Release|x86.Build.0 = Release|Any CPU
		{DB3FCA61-6660-4DA2-B409-34545727DEDC}.Debug|Any CPU.ActiveCfg = Debug|Any CPU
		{DB3FCA61-6660-4DA2-B409-34545727DEDC}.Debug|Any CPU.Build.0 = Debug|Any CPU
		{DB3FCA61-6660-4DA2-B409-34545727DEDC}.Debug|x64.ActiveCfg = Debug|Any CPU
		{DB3FCA61-6660-4DA2-B409-34545727DEDC}.Debug|x64.Build.0 = Debug|Any CPU
		{DB3FCA61-6660-4DA2-B409-34545727DEDC}.Debug|x86.ActiveCfg = Debug|Any CPU
		{DB3FCA61-6660-4DA2-B409-34545727DEDC}.Debug|x86.Build.0 = Debug|Any CPU
		{DB3FCA61-6660-4DA2-B409-34545727DEDC}.Release|Any CPU.ActiveCfg = Release|Any CPU
		{DB3FCA61-6660-4DA2-B409-34545727DEDC}.Release|Any CPU.Build.0 = Release|Any CPU
		{DB3FCA61-6660-4DA2-B409-34545727DEDC}.Release|x64.ActiveCfg = Release|Any CPU
		{DB3FCA61-6660-4DA2-B409-34545727DEDC}.Release|x64.Build.0 = Release|Any CPU
		{DB3FCA61-6660-4DA2-B409-34545727DEDC}.Release|x86.ActiveCfg = Release|Any CPU
		{DB3FCA61-6660-4DA2-B409-34545727DEDC}.Release|x86.Build.0 = Release|Any CPU
		{D4E03F16-0CEA-4202-A581-09983C9E2635}.Debug|Any CPU.ActiveCfg = Debug|Any CPU
		{D4E03F16-0CEA-4202-A581-09983C9E2635}.Debug|Any CPU.Build.0 = Debug|Any CPU
		{D4E03F16-0CEA-4202-A581-09983C9E2635}.Debug|x64.ActiveCfg = Debug|Any CPU
		{D4E03F16-0CEA-4202-A581-09983C9E2635}.Debug|x64.Build.0 = Debug|Any CPU
		{D4E03F16-0CEA-4202-A581-09983C9E2635}.Debug|x86.ActiveCfg = Debug|Any CPU
		{D4E03F16-0CEA-4202-A581-09983C9E2635}.Debug|x86.Build.0 = Debug|Any CPU
		{D4E03F16-0CEA-4202-A581-09983C9E2635}.Release|Any CPU.ActiveCfg = Release|Any CPU
		{D4E03F16-0CEA-4202-A581-09983C9E2635}.Release|Any CPU.Build.0 = Release|Any CPU
		{D4E03F16-0CEA-4202-A581-09983C9E2635}.Release|x64.ActiveCfg = Release|Any CPU
		{D4E03F16-0CEA-4202-A581-09983C9E2635}.Release|x64.Build.0 = Release|Any CPU
		{D4E03F16-0CEA-4202-A581-09983C9E2635}.Release|x86.ActiveCfg = Release|Any CPU
		{D4E03F16-0CEA-4202-A581-09983C9E2635}.Release|x86.Build.0 = Release|Any CPU
		{70D3C604-1660-467B-B70D-3AD2D863CA5E}.Debug|Any CPU.ActiveCfg = Debug|Any CPU
		{70D3C604-1660-467B-B70D-3AD2D863CA5E}.Debug|Any CPU.Build.0 = Debug|Any CPU
		{70D3C604-1660-467B-B70D-3AD2D863CA5E}.Debug|x64.ActiveCfg = Debug|Any CPU
		{70D3C604-1660-467B-B70D-3AD2D863CA5E}.Debug|x64.Build.0 = Debug|Any CPU
		{70D3C604-1660-467B-B70D-3AD2D863CA5E}.Debug|x86.ActiveCfg = Debug|Any CPU
		{70D3C604-1660-467B-B70D-3AD2D863CA5E}.Debug|x86.Build.0 = Debug|Any CPU
		{70D3C604-1660-467B-B70D-3AD2D863CA5E}.Release|Any CPU.ActiveCfg = Release|Any CPU
		{70D3C604-1660-467B-B70D-3AD2D863CA5E}.Release|Any CPU.Build.0 = Release|Any CPU
		{70D3C604-1660-467B-B70D-3AD2D863CA5E}.Release|x64.ActiveCfg = Release|Any CPU
		{70D3C604-1660-467B-B70D-3AD2D863CA5E}.Release|x64.Build.0 = Release|Any CPU
		{70D3C604-1660-467B-B70D-3AD2D863CA5E}.Release|x86.ActiveCfg = Release|Any CPU
		{70D3C604-1660-467B-B70D-3AD2D863CA5E}.Release|x86.Build.0 = Release|Any CPU
		{FD8B6D3A-0555-48D7-BBD0-EEE551796159}.Debug|Any CPU.ActiveCfg = Debug|Any CPU
		{FD8B6D3A-0555-48D7-BBD0-EEE551796159}.Debug|Any CPU.Build.0 = Debug|Any CPU
		{FD8B6D3A-0555-48D7-BBD0-EEE551796159}.Debug|x64.ActiveCfg = Debug|Any CPU
		{FD8B6D3A-0555-48D7-BBD0-EEE551796159}.Debug|x64.Build.0 = Debug|Any CPU
		{FD8B6D3A-0555-48D7-BBD0-EEE551796159}.Debug|x86.ActiveCfg = Debug|Any CPU
		{FD8B6D3A-0555-48D7-BBD0-EEE551796159}.Debug|x86.Build.0 = Debug|Any CPU
		{FD8B6D3A-0555-48D7-BBD0-EEE551796159}.Release|Any CPU.ActiveCfg = Release|Any CPU
		{FD8B6D3A-0555-48D7-BBD0-EEE551796159}.Release|Any CPU.Build.0 = Release|Any CPU
		{FD8B6D3A-0555-48D7-BBD0-EEE551796159}.Release|x64.ActiveCfg = Release|Any CPU
		{FD8B6D3A-0555-48D7-BBD0-EEE551796159}.Release|x64.Build.0 = Release|Any CPU
		{FD8B6D3A-0555-48D7-BBD0-EEE551796159}.Release|x86.ActiveCfg = Release|Any CPU
		{FD8B6D3A-0555-48D7-BBD0-EEE551796159}.Release|x86.Build.0 = Release|Any CPU
		{1D49EC85-0AF4-4C3F-98A3-36CBBB34F117}.Debug|Any CPU.ActiveCfg = Debug|Any CPU
		{1D49EC85-0AF4-4C3F-98A3-36CBBB34F117}.Debug|Any CPU.Build.0 = Debug|Any CPU
		{1D49EC85-0AF4-4C3F-98A3-36CBBB34F117}.Debug|x64.ActiveCfg = Debug|Any CPU
		{1D49EC85-0AF4-4C3F-98A3-36CBBB34F117}.Debug|x64.Build.0 = Debug|Any CPU
		{1D49EC85-0AF4-4C3F-98A3-36CBBB34F117}.Debug|x86.ActiveCfg = Debug|Any CPU
		{1D49EC85-0AF4-4C3F-98A3-36CBBB34F117}.Debug|x86.Build.0 = Debug|Any CPU
		{1D49EC85-0AF4-4C3F-98A3-36CBBB34F117}.Release|Any CPU.ActiveCfg = Release|Any CPU
		{1D49EC85-0AF4-4C3F-98A3-36CBBB34F117}.Release|Any CPU.Build.0 = Release|Any CPU
		{1D49EC85-0AF4-4C3F-98A3-36CBBB34F117}.Release|x64.ActiveCfg = Release|Any CPU
		{1D49EC85-0AF4-4C3F-98A3-36CBBB34F117}.Release|x64.Build.0 = Release|Any CPU
		{1D49EC85-0AF4-4C3F-98A3-36CBBB34F117}.Release|x86.ActiveCfg = Release|Any CPU
		{1D49EC85-0AF4-4C3F-98A3-36CBBB34F117}.Release|x86.Build.0 = Release|Any CPU
		{95419BB8-0102-4EC9-9C0D-AF3F22D6F997}.Debug|Any CPU.ActiveCfg = Debug|Any CPU
		{95419BB8-0102-4EC9-9C0D-AF3F22D6F997}.Debug|Any CPU.Build.0 = Debug|Any CPU
		{95419BB8-0102-4EC9-9C0D-AF3F22D6F997}.Debug|x64.ActiveCfg = Debug|Any CPU
		{95419BB8-0102-4EC9-9C0D-AF3F22D6F997}.Debug|x64.Build.0 = Debug|Any CPU
		{95419BB8-0102-4EC9-9C0D-AF3F22D6F997}.Debug|x86.ActiveCfg = Debug|Any CPU
		{95419BB8-0102-4EC9-9C0D-AF3F22D6F997}.Debug|x86.Build.0 = Debug|Any CPU
		{95419BB8-0102-4EC9-9C0D-AF3F22D6F997}.Release|Any CPU.ActiveCfg = Release|Any CPU
		{95419BB8-0102-4EC9-9C0D-AF3F22D6F997}.Release|Any CPU.Build.0 = Release|Any CPU
		{95419BB8-0102-4EC9-9C0D-AF3F22D6F997}.Release|x64.ActiveCfg = Release|Any CPU
		{95419BB8-0102-4EC9-9C0D-AF3F22D6F997}.Release|x64.Build.0 = Release|Any CPU
		{95419BB8-0102-4EC9-9C0D-AF3F22D6F997}.Release|x86.ActiveCfg = Release|Any CPU
		{95419BB8-0102-4EC9-9C0D-AF3F22D6F997}.Release|x86.Build.0 = Release|Any CPU
	EndGlobalSection
	GlobalSection(SolutionProperties) = preSolution
		HideSolutionNode = FALSE
	EndGlobalSection
	GlobalSection(NestedProjects) = preSolution
		{22C69357-542E-4A43-B031-4D8867BA3E42} = {368A52C5-8C52-49FD-AF0B-ECFC61A55CAC}
		{0A47EDE3-1AB7-4D7A-8D41-B3EDF69AE170} = {368A52C5-8C52-49FD-AF0B-ECFC61A55CAC}
		{716C1217-55CA-47FF-9F51-C8AE0D3A9D4A} = {368A52C5-8C52-49FD-AF0B-ECFC61A55CAC}
	EndGlobalSection
EndGlobal
