
Microsoft Visual Studio Solution File, Format Version 12.00
# Visual Studio Version 16
VisualStudioVersion = 16.0.29411.108
MinimumVisualStudioVersion = 15.0.26124.0
Project("{2150E333-8FDC-42A3-9474-1A3956D46DE8}") = "common", "common", "{368A52C5-8C52-49FD-AF0B-ECFC61A55CAC}"
EndProject
Project("{9A19103F-16F7-4668-BE54-9A1E7A4F7556}") = "Services", "Services/Services.csproj", "{CECA1099-BC56-47D9-9CF0-801A012703C1}"
EndProject
Project("{9A19103F-16F7-4668-BE54-9A1E7A4F7556}") = "WebService", "WebService/WebService.csproj", "{DB5B3EC1-F032-4CDA-A019-A5A2628A26F1}"
EndProject
Project("{9A19103F-16F7-4668-BE54-9A1E7A4F7556}") = "Services", "../common/Services/Services.csproj", "{93015F84-7A6F-498A-9231-E464F4F8D6D5}"
EndProject
Project("{9A19103F-16F7-4668-BE54-9A1E7A4F7556}") = "Services.Test", "../../../test/services/asa-manager/Services.Test/Services.Test.csproj", "{76957A15-9EEF-4101-84DC-D969FD4BDEA3}"
EndProject
Project("{9A19103F-16F7-4668-BE54-9A1E7A4F7556}") = "TestHelpers", "../../../test/services/common/TestHelpers/TestHelpers.csproj", "{D106C755-6DC7-4207-A26B-73099E2468E9}"
EndProject
Project("{FAE04EC0-301F-11D3-BF4B-00C04F79EFBC}") = "WebService.Test", "../../../test/services/asa-manager/WebService.Test/WebService.Test.csproj", "{7ACEE93F-CF3F-4543-BC2B-F61D45532FF8}"
EndProject
Global
	GlobalSection(SolutionConfigurationPlatforms) = preSolution
		Debug|Any CPU = Debug|Any CPU
		Debug|x64 = Debug|x64
		Debug|x86 = Debug|x86
		Release|Any CPU = Release|Any CPU
		Release|x64 = Release|x64
		Release|x86 = Release|x86
	EndGlobalSection
	GlobalSection(SolutionProperties) = preSolution
		HideSolutionNode = FALSE
	EndGlobalSection
	GlobalSection(ProjectConfigurationPlatforms) = postSolution
		{CECA1099-BC56-47D9-9CF0-801A012703C1}.Debug|Any CPU.ActiveCfg = Debug|Any CPU
		{CECA1099-BC56-47D9-9CF0-801A012703C1}.Debug|Any CPU.Build.0 = Debug|Any CPU
		{CECA1099-BC56-47D9-9CF0-801A012703C1}.Debug|x64.ActiveCfg = Debug|Any CPU
		{CECA1099-BC56-47D9-9CF0-801A012703C1}.Debug|x64.Build.0 = Debug|Any CPU
		{CECA1099-BC56-47D9-9CF0-801A012703C1}.Debug|x86.ActiveCfg = Debug|Any CPU
		{CECA1099-BC56-47D9-9CF0-801A012703C1}.Debug|x86.Build.0 = Debug|Any CPU
		{CECA1099-BC56-47D9-9CF0-801A012703C1}.Release|Any CPU.ActiveCfg = Release|Any CPU
		{CECA1099-BC56-47D9-9CF0-801A012703C1}.Release|Any CPU.Build.0 = Release|Any CPU
		{CECA1099-BC56-47D9-9CF0-801A012703C1}.Release|x64.ActiveCfg = Release|Any CPU
		{CECA1099-BC56-47D9-9CF0-801A012703C1}.Release|x64.Build.0 = Release|Any CPU
		{CECA1099-BC56-47D9-9CF0-801A012703C1}.Release|x86.ActiveCfg = Release|Any CPU
		{CECA1099-BC56-47D9-9CF0-801A012703C1}.Release|x86.Build.0 = Release|Any CPU
		{DB5B3EC1-F032-4CDA-A019-A5A2628A26F1}.Debug|Any CPU.ActiveCfg = Debug|Any CPU
		{DB5B3EC1-F032-4CDA-A019-A5A2628A26F1}.Debug|Any CPU.Build.0 = Debug|Any CPU
		{DB5B3EC1-F032-4CDA-A019-A5A2628A26F1}.Debug|x64.ActiveCfg = Debug|Any CPU
		{DB5B3EC1-F032-4CDA-A019-A5A2628A26F1}.Debug|x64.Build.0 = Debug|Any CPU
		{DB5B3EC1-F032-4CDA-A019-A5A2628A26F1}.Debug|x86.ActiveCfg = Debug|Any CPU
		{DB5B3EC1-F032-4CDA-A019-A5A2628A26F1}.Debug|x86.Build.0 = Debug|Any CPU
		{DB5B3EC1-F032-4CDA-A019-A5A2628A26F1}.Release|Any CPU.ActiveCfg = Release|Any CPU
		{DB5B3EC1-F032-4CDA-A019-A5A2628A26F1}.Release|Any CPU.Build.0 = Release|Any CPU
		{DB5B3EC1-F032-4CDA-A019-A5A2628A26F1}.Release|x64.ActiveCfg = Release|Any CPU
		{DB5B3EC1-F032-4CDA-A019-A5A2628A26F1}.Release|x64.Build.0 = Release|Any CPU
		{DB5B3EC1-F032-4CDA-A019-A5A2628A26F1}.Release|x86.ActiveCfg = Release|Any CPU
		{DB5B3EC1-F032-4CDA-A019-A5A2628A26F1}.Release|x86.Build.0 = Release|Any CPU
		{93015F84-7A6F-498A-9231-E464F4F8D6D5}.Debug|Any CPU.ActiveCfg = Debug|Any CPU
		{93015F84-7A6F-498A-9231-E464F4F8D6D5}.Debug|Any CPU.Build.0 = Debug|Any CPU
		{93015F84-7A6F-498A-9231-E464F4F8D6D5}.Debug|x64.ActiveCfg = Debug|Any CPU
		{93015F84-7A6F-498A-9231-E464F4F8D6D5}.Debug|x64.Build.0 = Debug|Any CPU
		{93015F84-7A6F-498A-9231-E464F4F8D6D5}.Debug|x86.ActiveCfg = Debug|Any CPU
		{93015F84-7A6F-498A-9231-E464F4F8D6D5}.Debug|x86.Build.0 = Debug|Any CPU
		{93015F84-7A6F-498A-9231-E464F4F8D6D5}.Release|Any CPU.ActiveCfg = Release|Any CPU
		{93015F84-7A6F-498A-9231-E464F4F8D6D5}.Release|Any CPU.Build.0 = Release|Any CPU
		{93015F84-7A6F-498A-9231-E464F4F8D6D5}.Release|x64.ActiveCfg = Release|Any CPU
		{93015F84-7A6F-498A-9231-E464F4F8D6D5}.Release|x64.Build.0 = Release|Any CPU
		{93015F84-7A6F-498A-9231-E464F4F8D6D5}.Release|x86.ActiveCfg = Release|Any CPU
		{93015F84-7A6F-498A-9231-E464F4F8D6D5}.Release|x86.Build.0 = Release|Any CPU
		{76957A15-9EEF-4101-84DC-D969FD4BDEA3}.Debug|Any CPU.ActiveCfg = Debug|Any CPU
		{76957A15-9EEF-4101-84DC-D969FD4BDEA3}.Debug|Any CPU.Build.0 = Debug|Any CPU
		{76957A15-9EEF-4101-84DC-D969FD4BDEA3}.Debug|x64.ActiveCfg = Debug|Any CPU
		{76957A15-9EEF-4101-84DC-D969FD4BDEA3}.Debug|x64.Build.0 = Debug|Any CPU
		{76957A15-9EEF-4101-84DC-D969FD4BDEA3}.Debug|x86.ActiveCfg = Debug|Any CPU
		{76957A15-9EEF-4101-84DC-D969FD4BDEA3}.Debug|x86.Build.0 = Debug|Any CPU
		{76957A15-9EEF-4101-84DC-D969FD4BDEA3}.Release|Any CPU.ActiveCfg = Release|Any CPU
		{76957A15-9EEF-4101-84DC-D969FD4BDEA3}.Release|Any CPU.Build.0 = Release|Any CPU
		{76957A15-9EEF-4101-84DC-D969FD4BDEA3}.Release|x64.ActiveCfg = Release|Any CPU
		{76957A15-9EEF-4101-84DC-D969FD4BDEA3}.Release|x64.Build.0 = Release|Any CPU
		{76957A15-9EEF-4101-84DC-D969FD4BDEA3}.Release|x86.ActiveCfg = Release|Any CPU
		{76957A15-9EEF-4101-84DC-D969FD4BDEA3}.Release|x86.Build.0 = Release|Any CPU
		{D106C755-6DC7-4207-A26B-73099E2468E9}.Debug|Any CPU.ActiveCfg = Debug|Any CPU
		{D106C755-6DC7-4207-A26B-73099E2468E9}.Debug|Any CPU.Build.0 = Debug|Any CPU
		{D106C755-6DC7-4207-A26B-73099E2468E9}.Debug|x64.ActiveCfg = Debug|Any CPU
		{D106C755-6DC7-4207-A26B-73099E2468E9}.Debug|x64.Build.0 = Debug|Any CPU
		{D106C755-6DC7-4207-A26B-73099E2468E9}.Debug|x86.ActiveCfg = Debug|Any CPU
		{D106C755-6DC7-4207-A26B-73099E2468E9}.Debug|x86.Build.0 = Debug|Any CPU
		{D106C755-6DC7-4207-A26B-73099E2468E9}.Release|Any CPU.ActiveCfg = Release|Any CPU
		{D106C755-6DC7-4207-A26B-73099E2468E9}.Release|Any CPU.Build.0 = Release|Any CPU
		{D106C755-6DC7-4207-A26B-73099E2468E9}.Release|x64.ActiveCfg = Release|Any CPU
		{D106C755-6DC7-4207-A26B-73099E2468E9}.Release|x64.Build.0 = Release|Any CPU
		{D106C755-6DC7-4207-A26B-73099E2468E9}.Release|x86.ActiveCfg = Release|Any CPU
		{D106C755-6DC7-4207-A26B-73099E2468E9}.Release|x86.Build.0 = Release|Any CPU
		{7ACEE93F-CF3F-4543-BC2B-F61D45532FF8}.Debug|Any CPU.ActiveCfg = Debug|Any CPU
		{7ACEE93F-CF3F-4543-BC2B-F61D45532FF8}.Debug|Any CPU.Build.0 = Debug|Any CPU
		{7ACEE93F-CF3F-4543-BC2B-F61D45532FF8}.Debug|x64.ActiveCfg = Debug|Any CPU
		{7ACEE93F-CF3F-4543-BC2B-F61D45532FF8}.Debug|x64.Build.0 = Debug|Any CPU
		{7ACEE93F-CF3F-4543-BC2B-F61D45532FF8}.Debug|x86.ActiveCfg = Debug|Any CPU
		{7ACEE93F-CF3F-4543-BC2B-F61D45532FF8}.Debug|x86.Build.0 = Debug|Any CPU
		{7ACEE93F-CF3F-4543-BC2B-F61D45532FF8}.Release|Any CPU.ActiveCfg = Release|Any CPU
		{7ACEE93F-CF3F-4543-BC2B-F61D45532FF8}.Release|Any CPU.Build.0 = Release|Any CPU
		{7ACEE93F-CF3F-4543-BC2B-F61D45532FF8}.Release|x64.ActiveCfg = Release|Any CPU
		{7ACEE93F-CF3F-4543-BC2B-F61D45532FF8}.Release|x64.Build.0 = Release|Any CPU
		{7ACEE93F-CF3F-4543-BC2B-F61D45532FF8}.Release|x86.ActiveCfg = Release|Any CPU
		{7ACEE93F-CF3F-4543-BC2B-F61D45532FF8}.Release|x86.Build.0 = Release|Any CPU
	EndGlobalSection
	GlobalSection(NestedProjects) = preSolution
		{93015F84-7A6F-498A-9231-E464F4F8D6D5} = {368A52C5-8C52-49FD-AF0B-ECFC61A55CAC}
		{76957A15-9EEF-4101-84DC-D969FD4BDEA3} = {368A52C5-8C52-49FD-AF0B-ECFC61A55CAC}
		{D106C755-6DC7-4207-A26B-73099E2468E9} = {368A52C5-8C52-49FD-AF0B-ECFC61A55CAC}
	EndGlobalSection
EndGlobal
