
Microsoft Visual Studio Solution File, Format Version 12.00
# Visual Studio Version 16
VisualStudioVersion = 16.0.29411.108
MinimumVisualStudioVersion = 15.0.26124.0
Project("{2150E333-8FDC-42A3-9474-1A3956D46DE8}") = "common", "common", "{368A52C5-8C52-49FD-AF0B-ECFC61A55CAC}"
EndProject
Project("{9A19103F-16F7-4668-BE54-9A1E7A4F7556}") = "Services", "../common/Services/Services.csproj", "{22C69357-542E-4A43-B031-4D8867BA3E42}"
EndProject
Project("{9A19103F-16F7-4668-BE54-9A1E7A4F7556}") = "Services.Test", "../../../test/services/common/Services.Test/Services.Test.csproj", "{0A47EDE3-1AB7-4D7A-8D41-B3EDF69AE170}"
EndProject
Project("{9A19103F-16F7-4668-BE54-9A1E7A4F7556}") = "TestHelpers", "../../../test/services/common/TestHelpers/TestHelpers.csproj", "{716C1217-55CA-47FF-9F51-C8AE0D3A9D4A}"
EndProject
Project("{9A19103F-16F7-4668-BE54-9A1E7A4F7556}") = "WebService", "WebService/WebService.csproj", "{F305CAD5-BE38-4391-A692-580C526A0CB1}"
EndProject
Project("{9A19103F-16F7-4668-BE54-9A1E7A4F7556}") = "WebService.Test", "../../../test/services/device-telemetry/WebService.Test/WebService.Test.csproj", "{6A4D86AD-56D0-421B-B9B2-2EBB34A5BBBC}"
EndProject
Project("{9A19103F-16F7-4668-BE54-9A1E7A4F7556}") = "Services", "Services/Services.csproj", "{786A5B9B-98EE-4B73-9FE3-2080B70007AF}"
EndProject
Project("{9A19103F-16F7-4668-BE54-9A1E7A4F7556}") = "Services.Test", "../../../test/services/device-telemetry/Services.Test/Services.Test.csproj", "{1BC54189-1DF9-448E-AE5F-66EB2EF51D82}"
EndProject
Global
	GlobalSection(SolutionConfigurationPlatforms) = preSolution
		Debug|Any CPU = Debug|Any CPU
		Release|Any CPU = Release|Any CPU
	EndGlobalSection
	GlobalSection(ProjectConfigurationPlatforms) = postSolution
		{22C69357-542E-4A43-B031-4D8867BA3E42}.Debug|Any CPU.ActiveCfg = Debug|Any CPU
		{22C69357-542E-4A43-B031-4D8867BA3E42}.Debug|Any CPU.Build.0 = Debug|Any CPU
		{22C69357-542E-4A43-B031-4D8867BA3E42}.Debug|x64.ActiveCfg = Debug|Any CPU
		{22C69357-542E-4A43-B031-4D8867BA3E42}.Debug|x64.Build.0 = Debug|Any CPU
		{22C69357-542E-4A43-B031-4D8867BA3E42}.Debug|x86.ActiveCfg = Debug|Any CPU
		{22C69357-542E-4A43-B031-4D8867BA3E42}.Debug|x86.Build.0 = Debug|Any CPU
		{22C69357-542E-4A43-B031-4D8867BA3E42}.Release|Any CPU.ActiveCfg = Release|Any CPU
		{22C69357-542E-4A43-B031-4D8867BA3E42}.Release|Any CPU.Build.0 = Release|Any CPU
		{22C69357-542E-4A43-B031-4D8867BA3E42}.Release|x64.ActiveCfg = Release|Any CPU
		{22C69357-542E-4A43-B031-4D8867BA3E42}.Release|x64.Build.0 = Release|Any CPU
		{22C69357-542E-4A43-B031-4D8867BA3E42}.Release|x86.ActiveCfg = Release|Any CPU
		{22C69357-542E-4A43-B031-4D8867BA3E42}.Release|x86.Build.0 = Release|Any CPU
		{0A47EDE3-1AB7-4D7A-8D41-B3EDF69AE170}.Debug|Any CPU.ActiveCfg = Debug|Any CPU
		{0A47EDE3-1AB7-4D7A-8D41-B3EDF69AE170}.Debug|Any CPU.Build.0 = Debug|Any CPU
		{0A47EDE3-1AB7-4D7A-8D41-B3EDF69AE170}.Debug|x64.ActiveCfg = Debug|Any CPU
		{0A47EDE3-1AB7-4D7A-8D41-B3EDF69AE170}.Debug|x64.Build.0 = Debug|Any CPU
		{0A47EDE3-1AB7-4D7A-8D41-B3EDF69AE170}.Debug|x86.ActiveCfg = Debug|Any CPU
		{0A47EDE3-1AB7-4D7A-8D41-B3EDF69AE170}.Debug|x86.Build.0 = Debug|Any CPU
		{0A47EDE3-1AB7-4D7A-8D41-B3EDF69AE170}.Release|Any CPU.ActiveCfg = Release|Any CPU
		{0A47EDE3-1AB7-4D7A-8D41-B3EDF69AE170}.Release|Any CPU.Build.0 = Release|Any CPU
		{0A47EDE3-1AB7-4D7A-8D41-B3EDF69AE170}.Release|x64.ActiveCfg = Release|Any CPU
		{0A47EDE3-1AB7-4D7A-8D41-B3EDF69AE170}.Release|x64.Build.0 = Release|Any CPU
		{0A47EDE3-1AB7-4D7A-8D41-B3EDF69AE170}.Release|x86.ActiveCfg = Release|Any CPU
		{0A47EDE3-1AB7-4D7A-8D41-B3EDF69AE170}.Release|x86.Build.0 = Release|Any CPU
		{716C1217-55CA-47FF-9F51-C8AE0D3A9D4A}.Debug|Any CPU.ActiveCfg = Debug|Any CPU
		{716C1217-55CA-47FF-9F51-C8AE0D3A9D4A}.Debug|Any CPU.Build.0 = Debug|Any CPU
		{716C1217-55CA-47FF-9F51-C8AE0D3A9D4A}.Debug|x64.ActiveCfg = Debug|Any CPU
		{716C1217-55CA-47FF-9F51-C8AE0D3A9D4A}.Debug|x64.Build.0 = Debug|Any CPU
		{716C1217-55CA-47FF-9F51-C8AE0D3A9D4A}.Debug|x86.ActiveCfg = Debug|Any CPU
		{716C1217-55CA-47FF-9F51-C8AE0D3A9D4A}.Debug|x86.Build.0 = Debug|Any CPU
		{716C1217-55CA-47FF-9F51-C8AE0D3A9D4A}.Release|Any CPU.ActiveCfg = Release|Any CPU
		{716C1217-55CA-47FF-9F51-C8AE0D3A9D4A}.Release|Any CPU.Build.0 = Release|Any CPU
		{716C1217-55CA-47FF-9F51-C8AE0D3A9D4A}.Release|x64.ActiveCfg = Release|Any CPU
		{716C1217-55CA-47FF-9F51-C8AE0D3A9D4A}.Release|x64.Build.0 = Release|Any CPU
		{716C1217-55CA-47FF-9F51-C8AE0D3A9D4A}.Release|x86.ActiveCfg = Release|Any CPU
		{716C1217-55CA-47FF-9F51-C8AE0D3A9D4A}.Release|x86.Build.0 = Release|Any CPU
		{F305CAD5-BE38-4391-A692-580C526A0CB1}.Debug|Any CPU.ActiveCfg = Debug|Any CPU
		{F305CAD5-BE38-4391-A692-580C526A0CB1}.Debug|Any CPU.Build.0 = Debug|Any CPU
		{F305CAD5-BE38-4391-A692-580C526A0CB1}.Release|Any CPU.ActiveCfg = Release|Any CPU
		{F305CAD5-BE38-4391-A692-580C526A0CB1}.Release|Any CPU.Build.0 = Release|Any CPU
		{6A4D86AD-56D0-421B-B9B2-2EBB34A5BBBC}.Debug|Any CPU.ActiveCfg = Debug|Any CPU
		{6A4D86AD-56D0-421B-B9B2-2EBB34A5BBBC}.Debug|Any CPU.Build.0 = Debug|Any CPU
		{6A4D86AD-56D0-421B-B9B2-2EBB34A5BBBC}.Release|Any CPU.ActiveCfg = Release|Any CPU
		{6A4D86AD-56D0-421B-B9B2-2EBB34A5BBBC}.Release|Any CPU.Build.0 = Release|Any CPU
		{786A5B9B-98EE-4B73-9FE3-2080B70007AF}.Debug|Any CPU.ActiveCfg = Debug|Any CPU
		{786A5B9B-98EE-4B73-9FE3-2080B70007AF}.Debug|Any CPU.Build.0 = Debug|Any CPU
		{786A5B9B-98EE-4B73-9FE3-2080B70007AF}.Release|Any CPU.ActiveCfg = Release|Any CPU
		{786A5B9B-98EE-4B73-9FE3-2080B70007AF}.Release|Any CPU.Build.0 = Release|Any CPU
		{1BC54189-1DF9-448E-AE5F-66EB2EF51D82}.Debug|Any CPU.ActiveCfg = Debug|Any CPU
		{1BC54189-1DF9-448E-AE5F-66EB2EF51D82}.Debug|Any CPU.Build.0 = Debug|Any CPU
		{1BC54189-1DF9-448E-AE5F-66EB2EF51D82}.Release|Any CPU.ActiveCfg = Release|Any CPU
		{1BC54189-1DF9-448E-AE5F-66EB2EF51D82}.Release|Any CPU.Build.0 = Release|Any CPU
		{E1DBFE22-816D-4779-A529-7CD13B62C830}.Debug|Any CPU.ActiveCfg = Debug|Any CPU
		{E1DBFE22-816D-4779-A529-7CD13B62C830}.Debug|Any CPU.Build.0 = Debug|Any CPU
		{E1DBFE22-816D-4779-A529-7CD13B62C830}.Release|Any CPU.ActiveCfg = Release|Any CPU
		{E1DBFE22-816D-4779-A529-7CD13B62C830}.Release|Any CPU.Build.0 = Release|Any CPU
		{AD5141D7-F6A8-4BC8-91AB-969482F53FB8}.Debug|Any CPU.ActiveCfg = Debug|Any CPU
		{AD5141D7-F6A8-4BC8-91AB-969482F53FB8}.Debug|Any CPU.Build.0 = Debug|Any CPU
		{AD5141D7-F6A8-4BC8-91AB-969482F53FB8}.Release|Any CPU.ActiveCfg = Release|Any CPU
		{AD5141D7-F6A8-4BC8-91AB-969482F53FB8}.Release|Any CPU.Build.0 = Release|Any CPU
		{E73A8A6B-38CA-4F19-B774-59D3147BE9FE}.Debug|Any CPU.ActiveCfg = Debug|Any CPU
		{E73A8A6B-38CA-4F19-B774-59D3147BE9FE}.Debug|Any CPU.Build.0 = Debug|Any CPU
		{E73A8A6B-38CA-4F19-B774-59D3147BE9FE}.Release|Any CPU.ActiveCfg = Release|Any CPU
		{E73A8A6B-38CA-4F19-B774-59D3147BE9FE}.Release|Any CPU.Build.0 = Release|Any CPU
	EndGlobalSection
	GlobalSection(SolutionProperties) = preSolution
		HideSolutionNode = FALSE
	EndGlobalSection
	GlobalSection(NestedProjects) = preSolution
		{22C69357-542E-4A43-B031-4D8867BA3E42} = {368A52C5-8C52-49FD-AF0B-ECFC61A55CAC}
		{0A47EDE3-1AB7-4D7A-8D41-B3EDF69AE170} = {368A52C5-8C52-49FD-AF0B-ECFC61A55CAC}
		{716C1217-55CA-47FF-9F51-C8AE0D3A9D4A} = {368A52C5-8C52-49FD-AF0B-ECFC61A55CAC}
	EndGlobalSection
EndGlobal
